
Microsoft Visual Studio Solution File, Format Version 12.00
# Visual Studio 15
VisualStudioVersion = 15.0.26730.16
MinimumVisualStudioVersion = 10.0.40219.1
Project("{FAE04EC0-301F-11D3-BF4B-00C04F79EFBC}") = "Task 01. Thea the Photographer", "Task 01. Thea the Photographer\Task 01. Thea the Photographer.csproj", "{543DA00A-41A9-4F01-B5B3-40DB4292521C}"
EndProject
Project("{FAE04EC0-301F-11D3-BF4B-00C04F79EFBC}") = "Task 02.Trophon the Grumpy Cat", "Task 02.Trophon the Grumpy Cat\Task 02.Trophon the Grumpy Cat.csproj", "{79ADA36C-C274-4FF5-9F86-7BCADAA8EBF1}"
EndProject
Project("{FAE04EC0-301F-11D3-BF4B-00C04F79EFBC}") = "Task 03. Portal", "Task 03. Portal\Task 03. Portal.csproj", "{4E299798-BC00-4F32-8A38-D6A95344EC82}"
EndProject
Project("{FAE04EC0-301F-11D3-BF4B-00C04F79EFBC}") = "Task 04. Files", "Task 04. Files\Task 04. Files.csproj", "{381F8026-437C-428B-A928-4AB9FC73BC09}"
EndProject
Global
	GlobalSection(SolutionConfigurationPlatforms) = preSolution
		Debug|Any CPU = Debug|Any CPU
		Release|Any CPU = Release|Any CPU
	EndGlobalSection
	GlobalSection(ProjectConfigurationPlatforms) = postSolution
		{543DA00A-41A9-4F01-B5B3-40DB4292521C}.Debug|Any CPU.ActiveCfg = Debug|Any CPU
		{543DA00A-41A9-4F01-B5B3-40DB4292521C}.Debug|Any CPU.Build.0 = Debug|Any CPU
		{543DA00A-41A9-4F01-B5B3-40DB4292521C}.Release|Any CPU.ActiveCfg = Release|Any CPU
		{543DA00A-41A9-4F01-B5B3-40DB4292521C}.Release|Any CPU.Build.0 = Release|Any CPU
		{79ADA36C-C274-4FF5-9F86-7BCADAA8EBF1}.Debug|Any CPU.ActiveCfg = Debug|Any CPU
		{79ADA36C-C274-4FF5-9F86-7BCADAA8EBF1}.Debug|Any CPU.Build.0 = Debug|Any CPU
		{79ADA36C-C274-4FF5-9F86-7BCADAA8EBF1}.Release|Any CPU.ActiveCfg = Release|Any CPU
		{79ADA36C-C274-4FF5-9F86-7BCADAA8EBF1}.Release|Any CPU.Build.0 = Release|Any CPU
		{4E299798-BC00-4F32-8A38-D6A95344EC82}.Debug|Any CPU.ActiveCfg = Debug|Any CPU
		{4E299798-BC00-4F32-8A38-D6A95344EC82}.Debug|Any CPU.Build.0 = Debug|Any CPU
		{4E299798-BC00-4F32-8A38-D6A95344EC82}.Release|Any CPU.ActiveCfg = Release|Any CPU
		{4E299798-BC00-4F32-8A38-D6A95344EC82}.Release|Any CPU.Build.0 = Release|Any CPU
		{381F8026-437C-428B-A928-4AB9FC73BC09}.Debug|Any CPU.ActiveCfg = Debug|Any CPU
		{381F8026-437C-428B-A928-4AB9FC73BC09}.Debug|Any CPU.Build.0 = Debug|Any CPU
		{381F8026-437C-428B-A928-4AB9FC73BC09}.Release|Any CPU.ActiveCfg = Release|Any CPU
		{381F8026-437C-428B-A928-4AB9FC73BC09}.Release|Any CPU.Build.0 = Release|Any CPU
	EndGlobalSection
	GlobalSection(SolutionProperties) = preSolution
		HideSolutionNode = FALSE
	EndGlobalSection
	GlobalSection(ExtensibilityGlobals) = postSolution
		SolutionGuid = {9A8569D7-DD38-4603-ADCE-ECC8B25A016C}
	EndGlobalSection
EndGlobal
