
Microsoft Visual Studio Solution File, Format Version 12.00
# Visual Studio 15
VisualStudioVersion = 15.0.26730.16
MinimumVisualStudioVersion = 10.0.40219.1
Project("{FAE04EC0-301F-11D3-BF4B-00C04F79EFBC}") = "Task 01. Sino the Walker", "Task 01. Sino the Walker\Task 01. Sino the Walker.csproj", "{3F657F0D-4DEB-43D4-9533-A335D1D19D25}"
EndProject
Project("{FAE04EC0-301F-11D3-BF4B-00C04F79EFBC}") = "Task 02. SoftUni Karaoke", "Task 02. SoftUni Karaoke\Task 02. SoftUni Karaoke.csproj", "{47B51C43-0551-406F-B40C-FBB88F98A801}"
EndProject
Project("{FAE04EC0-301F-11D3-BF4B-00C04F79EFBC}") = "Task 03. Endurance Rally", "Task 03. Endurance Rally\Task 03. Endurance Rally.csproj", "{5DE58026-0649-4B1E-84AC-45BB9685974B}"
EndProject
Global
	GlobalSection(SolutionConfigurationPlatforms) = preSolution
		Debug|Any CPU = Debug|Any CPU
		Release|Any CPU = Release|Any CPU
	EndGlobalSection
	GlobalSection(ProjectConfigurationPlatforms) = postSolution
		{3F657F0D-4DEB-43D4-9533-A335D1D19D25}.Debug|Any CPU.ActiveCfg = Debug|Any CPU
		{3F657F0D-4DEB-43D4-9533-A335D1D19D25}.Debug|Any CPU.Build.0 = Debug|Any CPU
		{3F657F0D-4DEB-43D4-9533-A335D1D19D25}.Release|Any CPU.ActiveCfg = Release|Any CPU
		{3F657F0D-4DEB-43D4-9533-A335D1D19D25}.Release|Any CPU.Build.0 = Release|Any CPU
		{47B51C43-0551-406F-B40C-FBB88F98A801}.Debug|Any CPU.ActiveCfg = Debug|Any CPU
		{47B51C43-0551-406F-B40C-FBB88F98A801}.Debug|Any CPU.Build.0 = Debug|Any CPU
		{47B51C43-0551-406F-B40C-FBB88F98A801}.Release|Any CPU.ActiveCfg = Release|Any CPU
		{47B51C43-0551-406F-B40C-FBB88F98A801}.Release|Any CPU.Build.0 = Release|Any CPU
		{5DE58026-0649-4B1E-84AC-45BB9685974B}.Debug|Any CPU.ActiveCfg = Debug|Any CPU
		{5DE58026-0649-4B1E-84AC-45BB9685974B}.Debug|Any CPU.Build.0 = Debug|Any CPU
		{5DE58026-0649-4B1E-84AC-45BB9685974B}.Release|Any CPU.ActiveCfg = Release|Any CPU
		{5DE58026-0649-4B1E-84AC-45BB9685974B}.Release|Any CPU.Build.0 = Release|Any CPU
	EndGlobalSection
	GlobalSection(SolutionProperties) = preSolution
		HideSolutionNode = FALSE
	EndGlobalSection
	GlobalSection(ExtensibilityGlobals) = postSolution
		SolutionGuid = {2DD21CC7-EC3D-4D05-B807-307B6CEC63C5}
	EndGlobalSection
EndGlobal
