
Microsoft Visual Studio Solution File, Format Version 12.00
# Visual Studio 15
VisualStudioVersion = 15.0.26730.16
MinimumVisualStudioVersion = 10.0.40219.1
Project("{FAE04EC0-301F-11D3-BF4B-00C04F79EFBC}") = "Task 01. Rotate Array of Strings", "Task 01. Rotate Array of Strings\Task 01. Rotate Array of Strings.csproj", "{C39D1B4B-C491-4154-8B22-F4A1241877D1}"
EndProject
Project("{FAE04EC0-301F-11D3-BF4B-00C04F79EFBC}") = "Task 02. Odd Numbers at Odd Positions", "Task 02. Odd Numbers at Odd Positions\Task 02. Odd Numbers at Odd Positions.csproj", "{FFD1E4C6-020F-464B-A2F4-0EC320B4B865}"
EndProject
Project("{FAE04EC0-301F-11D3-BF4B-00C04F79EFBC}") = "Task 03. Array Contains Element", "Task 03. Array Contains Element\Task 03. Array Contains Element.csproj", "{A94A0A53-4AEE-435B-A0A4-F43456710823}"
EndProject
Project("{FAE04EC0-301F-11D3-BF4B-00C04F79EFBC}") = "Task 04. Sort Numbers", "Task 04. Sort Numbers\Task 04. Sort Numbers.csproj", "{77F723F5-18F5-42C9-937B-410154186527}"
EndProject
Project("{FAE04EC0-301F-11D3-BF4B-00C04F79EFBC}") = "Task 05.Largest N Numbers", "Task 05.Largest N Numbers\Task 05.Largest N Numbers.csproj", "{10893798-EDF3-4911-9E45-E3CC23C8C5F2}"
EndProject
Global
	GlobalSection(SolutionConfigurationPlatforms) = preSolution
		Debug|Any CPU = Debug|Any CPU
		Release|Any CPU = Release|Any CPU
	EndGlobalSection
	GlobalSection(ProjectConfigurationPlatforms) = postSolution
		{C39D1B4B-C491-4154-8B22-F4A1241877D1}.Debug|Any CPU.ActiveCfg = Debug|Any CPU
		{C39D1B4B-C491-4154-8B22-F4A1241877D1}.Debug|Any CPU.Build.0 = Debug|Any CPU
		{C39D1B4B-C491-4154-8B22-F4A1241877D1}.Release|Any CPU.ActiveCfg = Release|Any CPU
		{C39D1B4B-C491-4154-8B22-F4A1241877D1}.Release|Any CPU.Build.0 = Release|Any CPU
		{FFD1E4C6-020F-464B-A2F4-0EC320B4B865}.Debug|Any CPU.ActiveCfg = Debug|Any CPU
		{FFD1E4C6-020F-464B-A2F4-0EC320B4B865}.Debug|Any CPU.Build.0 = Debug|Any CPU
		{FFD1E4C6-020F-464B-A2F4-0EC320B4B865}.Release|Any CPU.ActiveCfg = Release|Any CPU
		{FFD1E4C6-020F-464B-A2F4-0EC320B4B865}.Release|Any CPU.Build.0 = Release|Any CPU
		{A94A0A53-4AEE-435B-A0A4-F43456710823}.Debug|Any CPU.ActiveCfg = Debug|Any CPU
		{A94A0A53-4AEE-435B-A0A4-F43456710823}.Debug|Any CPU.Build.0 = Debug|Any CPU
		{A94A0A53-4AEE-435B-A0A4-F43456710823}.Release|Any CPU.ActiveCfg = Release|Any CPU
		{A94A0A53-4AEE-435B-A0A4-F43456710823}.Release|Any CPU.Build.0 = Release|Any CPU
		{77F723F5-18F5-42C9-937B-410154186527}.Debug|Any CPU.ActiveCfg = Debug|Any CPU
		{77F723F5-18F5-42C9-937B-410154186527}.Debug|Any CPU.Build.0 = Debug|Any CPU
		{77F723F5-18F5-42C9-937B-410154186527}.Release|Any CPU.ActiveCfg = Release|Any CPU
		{77F723F5-18F5-42C9-937B-410154186527}.Release|Any CPU.Build.0 = Release|Any CPU
		{10893798-EDF3-4911-9E45-E3CC23C8C5F2}.Debug|Any CPU.ActiveCfg = Debug|Any CPU
		{10893798-EDF3-4911-9E45-E3CC23C8C5F2}.Debug|Any CPU.Build.0 = Debug|Any CPU
		{10893798-EDF3-4911-9E45-E3CC23C8C5F2}.Release|Any CPU.ActiveCfg = Release|Any CPU
		{10893798-EDF3-4911-9E45-E3CC23C8C5F2}.Release|Any CPU.Build.0 = Release|Any CPU
	EndGlobalSection
	GlobalSection(SolutionProperties) = preSolution
		HideSolutionNode = FALSE
	EndGlobalSection
	GlobalSection(ExtensibilityGlobals) = postSolution
		SolutionGuid = {957DEE40-E149-48BF-94EF-5FE37A98D04A}
	EndGlobalSection
EndGlobal
