
Microsoft Visual Studio Solution File, Format Version 12.00
# Visual Studio 15
VisualStudioVersion = 15.0.26430.14
MinimumVisualStudioVersion = 10.0.40219.1
Project("{FAE04EC0-301F-11D3-BF4B-00C04F79EFBC}") = "ConsoleApp1", "ConsoleApp1\ConsoleApp1.csproj", "{55C491C8-442B-4001-89FB-8C88C4794E9C}"
EndProject
Project("{FAE04EC0-301F-11D3-BF4B-00C04F79EFBC}") = "ClassRoom", "ClassRoom\ClassRoom.csproj", "{914B1E34-C72F-4554-8155-5443DF99C72A}"
EndProject
Project("{FAE04EC0-301F-11D3-BF4B-00C04F79EFBC}") = "Money", "Money\Money.csproj", "{5B8BA956-1F67-46A5-9977-E597737C2A0D}"
EndProject
Project("{FAE04EC0-301F-11D3-BF4B-00C04F79EFBC}") = "RepairTiles", "RepairTiles\RepairTiles.csproj", "{34B0E777-C2FC-445D-AFA3-6B746E542304}"
EndProject
Project("{FAE04EC0-301F-11D3-BF4B-00C04F79EFBC}") = "DailyWin", "DailyWin\DailyWin.csproj", "{FA7A95B8-AE33-42FD-9928-64B1D74A3494}"
EndProject
Project("{FAE04EC0-301F-11D3-BF4B-00C04F79EFBC}") = "PriceTransport", "PriceTransport\PriceTransport.csproj", "{CBE557C2-66BC-4AF4-B0E1-1F42C7CD9F91}"
EndProject
Project("{FAE04EC0-301F-11D3-BF4B-00C04F79EFBC}") = "PipesInPool", "PipesInPool\PipesInPool.csproj", "{059C1335-60C1-4154-ADC5-D61D86EEA566}"
EndProject
Project("{FAE04EC0-301F-11D3-BF4B-00C04F79EFBC}") = "SleepyCat", "SleepyCat\SleepyCat.csproj", "{27E2E46B-463F-4F4D-8DB3-DFD5CEED9F3D}"
EndProject
Project("{FAE04EC0-301F-11D3-BF4B-00C04F79EFBC}") = "Cat02", "Cat02\Cat02.csproj", "{674CCF91-5208-4669-A0E1-F230AFF4F893}"
EndProject
Project("{FAE04EC0-301F-11D3-BF4B-00C04F79EFBC}") = "Harvest", "Harvest\Harvest.csproj", "{E6653D90-8596-4B32-84F4-E2D761D1AAA2}"
EndProject
Project("{FAE04EC0-301F-11D3-BF4B-00C04F79EFBC}") = "OnTimeForExam", "OnTimeForExam\OnTimeForExam.csproj", "{AACE1EB4-1061-4BAE-8B41-AA952CB6E4A5}"
EndProject
Project("{FAE04EC0-301F-11D3-BF4B-00C04F79EFBC}") = "Journey", "Journey\Journey.csproj", "{B5F914D3-A665-4FA3-B85F-B39C74D2B8C8}"
EndProject
Project("{FAE04EC0-301F-11D3-BF4B-00C04F79EFBC}") = "OperationBetweenNumbers", "OperationBetweenNumbers\OperationBetweenNumbers.csproj", "{F1F9E0CF-5528-459A-9967-A81E40D1B62B}"
EndProject
Project("{FAE04EC0-301F-11D3-BF4B-00C04F79EFBC}") = "TicketForMatch", "TicketForMatch\TicketForMatch.csproj", "{7205E368-CFDC-44C3-8ABE-B44BBAA7EDE3}"
EndProject
Project("{FAE04EC0-301F-11D3-BF4B-00C04F79EFBC}") = "Hotel", "Hotel\Hotel.csproj", "{4C571BF1-2F59-45E9-A9BA-E687A110C5C7}"
EndProject
Project("{FAE04EC0-301F-11D3-BF4B-00C04F79EFBC}") = "Histogram", "Histogram\Histogram.csproj", "{36903057-7177-42A1-AD18-09F5946CD3E4}"
EndProject
Project("{FAE04EC0-301F-11D3-BF4B-00C04F79EFBC}") = "Divide", "Divide\Divide.csproj", "{32295148-FB60-49B2-80F4-9B8CEB14991B}"
EndProject
Project("{FAE04EC0-301F-11D3-BF4B-00C04F79EFBC}") = "SmartLily", "SmartLily\SmartLily.csproj", "{5F7E4010-FD40-4D5C-914A-7C2EBEB9A1CE}"
EndProject
Project("{FAE04EC0-301F-11D3-BF4B-00C04F79EFBC}") = "DrawFort", "DrawFort\DrawFort.csproj", "{24342499-034A-4736-A933-A706B347DDB2}"
EndProject
Project("{FAE04EC0-301F-11D3-BF4B-00C04F79EFBC}") = "Butterfly", "Butterfly\Butterfly.csproj", "{DBC5B9C5-2422-483D-8537-1EF366CB7793}"
EndProject
Project("{FAE04EC0-301F-11D3-BF4B-00C04F79EFBC}") = "STOP", "STOP\STOP.csproj", "{325BAE2A-53ED-4868-B630-25D28F7E7E04}"
EndProject
Project("{FAE04EC0-301F-11D3-BF4B-00C04F79EFBC}") = "DrawingDemo", "DrawingDemo\DrawingDemo.csproj", "{C45CE93F-BE79-4996-8AE7-0CA3AE08143E}"
EndProject
Project("{FAE04EC0-301F-11D3-BF4B-00C04F79EFBC}") = "TriangleArea2D", "TriangleArea2D\TriangleArea2D.csproj", "{77228792-BC5C-44C5-A80E-5DB1176DFA1D}"
EndProject
Project("{FAE04EC0-301F-11D3-BF4B-00C04F79EFBC}") = "Bricks", "Bricks\Bricks.csproj", "{D3A01A9D-18AF-4F10-8B8D-C301AFDEA343}"
EndProject
Project("{FAE04EC0-301F-11D3-BF4B-00C04F79EFBC}") = "Dot", "Dot\Dot.csproj", "{81CFEECB-FA71-46AB-A57F-B5AD165BCD21}"
EndProject
Project("{FAE04EC0-301F-11D3-BF4B-00C04F79EFBC}") = "DatePlus5days", "DatePlus5days\DatePlus5days.csproj", "{9DE72C3B-56A5-484B-BC2B-9BE861BD837C}"
EndProject
Project("{FAE04EC0-301F-11D3-BF4B-00C04F79EFBC}") = "SumStep3", "SumStep3\SumStep3.csproj", "{CFCE90B7-C638-497C-9D7C-4BEF167166B2}"
EndProject
Project("{FAE04EC0-301F-11D3-BF4B-00C04F79EFBC}") = "Sums3Numbers", "Sums3Numbers\Sums3Numbers.csproj", "{7B359E01-961F-4767-B446-3F6933F2CA8A}"
EndProject
Project("{FAE04EC0-301F-11D3-BF4B-00C04F79EFBC}") = "GrowingElements", "GrowingElements\GrowingElements.csproj", "{14DFE5CD-AA34-424D-AFB7-1BEEF3DEF9C5}"
EndProject
Project("{FAE04EC0-301F-11D3-BF4B-00C04F79EFBC}") = "PerfectDiamond", "PerfectDiamond\PerfectDiamond.csproj", "{58DD7333-0AAA-456F-8026-53AD82CB605F}"
EndProject
Project("{FAE04EC0-301F-11D3-BF4B-00C04F79EFBC}") = "PerfectDiamond2", "PerfectDiamond2\PerfectDiamond2.csproj", "{44626F6B-533C-4540-8BD2-2C9848DF4412}"
EndProject
Project("{FAE04EC0-301F-11D3-BF4B-00C04F79EFBC}") = "Tree", "Tree\Tree.csproj", "{85CA6370-3EF8-4267-BE91-3003D0C060E7}"
EndProject
Project("{FAE04EC0-301F-11D3-BF4B-00C04F79EFBC}") = "RectangleFigureDrawing", "RectangleFigureDrawing\RectangleFigureDrawing.csproj", "{3B5230BA-E000-4FD0-BA14-D5660D2BD8F7}"
EndProject
Project("{FAE04EC0-301F-11D3-BF4B-00C04F79EFBC}") = "FourGrowingNumbers", "FourGrowingNumbers\FourGrowingNumbers.csproj", "{52980DCA-D6B0-48CE-ABED-72042435C9E1}"
EndProject
Project("{FAE04EC0-301F-11D3-BF4B-00C04F79EFBC}") = "RectangleGenerator", "RectangleGenerator\RectangleGenerator.csproj", "{551F630F-785C-4619-B058-7089B96A541C}"
EndProject
Project("{FAE04EC0-301F-11D3-BF4B-00C04F79EFBC}") = "Stop01", "Stop01\Stop01.csproj", "{03E7EFAC-9731-4610-A587-36639FA21E8D}"
EndProject
Project("{FAE04EC0-301F-11D3-BF4B-00C04F79EFBC}") = "Fishland", "Fishland\Fishland.csproj", "{A237793C-CCAF-4A9F-B95E-50BC13A44AE0}"
EndProject
Project("{FAE04EC0-301F-11D3-BF4B-00C04F79EFBC}") = "Pets", "Pets\Pets.csproj", "{554A6021-7C13-4A4A-94D0-5BCD66C1659E}"
EndProject
Project("{FAE04EC0-301F-11D3-BF4B-00C04F79EFBC}") = "Vacantion", "Vacantion\Vacantion.csproj", "{7AA3E8EF-7876-49D4-BBCA-10A7127BAAF8}"
EndProject
Project("{FAE04EC0-301F-11D3-BF4B-00C04F79EFBC}") = "SoftUniCamp", "SoftUniCamp\SoftUniCamp.csproj", "{FFBF9958-EFEB-4F7C-8501-589542D7162D}"
EndProject
Project("{FAE04EC0-301F-11D3-BF4B-00C04F79EFBC}") = "Fox", "Fox\Fox.csproj", "{2B79B815-56BB-4CFF-93BE-BF2144AEACC0}"
EndProject
Project("{FAE04EC0-301F-11D3-BF4B-00C04F79EFBC}") = "BattleOfPokemons", "BattleOfPokemons\BattleOfPokemons.csproj", "{BF1CD4DE-46BB-4DD4-B549-2BFC79F5A1CF}"
EndProject
Project("{FAE04EC0-301F-11D3-BF4B-00C04F79EFBC}") = "HousePrice", "HousePrice\HousePrice.csproj", "{49C38EAA-D637-451B-801B-AEA93870495B}"
EndProject
Project("{FAE04EC0-301F-11D3-BF4B-00C04F79EFBC}") = "FlowerShop", "FlowerShop\FlowerShop.csproj", "{46907149-721C-4FB4-8F4C-DBA377E298AA}"
EndProject
Project("{FAE04EC0-301F-11D3-BF4B-00C04F79EFBC}") = "BikeRace", "BikeRace\BikeRace.csproj", "{A7DEE505-0832-4870-9186-C32538BDAE7D}"
EndProject
Project("{FAE04EC0-301F-11D3-BF4B-00C04F79EFBC}") = "Logistic", "Logistic\Logistic.csproj", "{3510EE25-717C-48AA-9540-F90FE0E9771F}"
EndProject
Project("{FAE04EC0-301F-11D3-BF4B-00C04F79EFBC}") = "Rocket", "Rocket\Rocket.csproj", "{C93AEB4F-7AAA-4D59-828C-06D196F47CDD}"
EndProject
Project("{FAE04EC0-301F-11D3-BF4B-00C04F79EFBC}") = "MaxCombination", "MaxCombination\MaxCombination.csproj", "{7F06D43C-2C6B-4830-A5C7-F34CC13C5DE5}"
EndProject
Project("{FAE04EC0-301F-11D3-BF4B-00C04F79EFBC}") = "Distance", "Distance\Distance.csproj", "{52054AEC-7434-4426-91F0-AC1508DDF3AC}"
EndProject
Project("{FAE04EC0-301F-11D3-BF4B-00C04F79EFBC}") = "ChangingTiles", "ChangingTiles\ChangingTiles.csproj", "{9E5816C6-575D-4F96-8558-BDA5619D259F}"
EndProject
Project("{FAE04EC0-301F-11D3-BF4B-00C04F79EFBC}") = "Flowers", "Flowers\Flowers.csproj", "{F4277224-C2A2-4F2C-9A6B-8E2751D1D00B}"
EndProject
Project("{FAE04EC0-301F-11D3-BF4B-00C04F79EFBC}") = "Grades", "Grades\Grades.csproj", "{350C299B-BB70-4624-9363-98D1B5FB8754}"
EndProject
Project("{FAE04EC0-301F-11D3-BF4B-00C04F79EFBC}") = "ChristmasHat", "ChristmasHat\ChristmasHat.csproj", "{42EBB6AC-E1DB-42EF-A843-F314E604C3DC}"
EndProject
Project("{FAE04EC0-301F-11D3-BF4B-00C04F79EFBC}") = "LettersCombination", "LettersCombination\LettersCombination.csproj", "{772FA877-6355-4516-BF11-31220D403D63}"
EndProject
Project("{FAE04EC0-301F-11D3-BF4B-00C04F79EFBC}") = "Triangles", "Triangles\Triangles.csproj", "{05EA49CD-D666-4377-8E8B-12F0B5C33BEC}"
EndProject
Project("{FAE04EC0-301F-11D3-BF4B-00C04F79EFBC}") = "DogHouse", "DogHouse\DogHouse.csproj", "{5B7BEBDD-1598-4D70-920A-D76DDB3F8A7B}"
EndProject
Project("{FAE04EC0-301F-11D3-BF4B-00C04F79EFBC}") = "WorkHours", "WorkHours\WorkHours.csproj", "{4892A227-64B3-424F-98B1-FDE53DB1D6F6}"
EndProject
Project("{FAE04EC0-301F-11D3-BF4B-00C04F79EFBC}") = "CarToGo", "CarToGo\CarToGo.csproj", "{DE6FAD28-2A8E-424C-AABD-16ABF7B7C31D}"
EndProject
Project("{FAE04EC0-301F-11D3-BF4B-00C04F79EFBC}") = "GamesOfInterval", "GamesOfInterval\GamesOfInterval.csproj", "{CB427EE2-C74E-4D2D-8CB8-391A75AC4D71}"
EndProject
Project("{FAE04EC0-301F-11D3-BF4B-00C04F79EFBC}") = "SoftUniLogo", "SoftUniLogo\SoftUniLogo.csproj", "{A7DD96CF-5E29-45AB-A753-7E003408EDE4}"
EndProject
Project("{FAE04EC0-301F-11D3-BF4B-00C04F79EFBC}") = "SumofTwoNumbers", "SumofTwoNumbers\SumofTwoNumbers.csproj", "{015DC173-7588-4585-A5B4-B64910F15078}"
EndProject
Project("{FAE04EC0-301F-11D3-BF4B-00C04F79EFBC}") = "HousePainting", "HousePainting\HousePainting.csproj", "{07929FFC-0519-439D-89AA-B66C6FD8068E}"
EndProject
Project("{FAE04EC0-301F-11D3-BF4B-00C04F79EFBC}") = "Cups", "Cups\Cups.csproj", "{0862C4FE-8CC5-40D8-B55E-CA6259195C09}"
EndProject
Project("{FAE04EC0-301F-11D3-BF4B-00C04F79EFBC}") = "Vacation", "Vacation\Vacation.csproj", "{7DB39FC4-569F-4AEA-AA72-6D1DD6AABA7B}"
EndProject
Project("{FAE04EC0-301F-11D3-BF4B-00C04F79EFBC}") = "TrainerSalary", "TrainerSalary\TrainerSalary.csproj", "{17F12573-1E74-4129-84E8-0E459C96EB2D}"
EndProject
Project("{FAE04EC0-301F-11D3-BF4B-00C04F79EFBC}") = "Hourglass", "Hourglass\Hourglass.csproj", "{CECDE6D2-FF72-41C9-973D-99772A9CDD7E}"
EndProject
Project("{FAE04EC0-301F-11D3-BF4B-00C04F79EFBC}") = "SumOfTwoNumber", "SumOfTwoNumber\SumOfTwoNumber.csproj", "{53370A8A-38CD-4B6F-B027-29768E0A51B8}"
EndProject
Project("{FAE04EC0-301F-11D3-BF4B-00C04F79EFBC}") = "GrapeAndRakia", "GrapeAndRakia\GrapeAndRakia.csproj", "{D799DC33-A52D-4F87-9104-2AD3109C4EF6}"
EndProject
Project("{FAE04EC0-301F-11D3-BF4B-00C04F79EFBC}") = "Styrofoam", "Styrofoam\Styrofoam.csproj", "{BA46FFBE-D190-44BA-82F4-84E7E1366B43}"
EndProject
Project("{FAE04EC0-301F-11D3-BF4B-00C04F79EFBC}") = "TruckDrive", "TruckDrive\TruckDrive.csproj", "{F50C9697-E89B-4E72-BE78-8418AFAEBE93}"
EndProject
Project("{FAE04EC0-301F-11D3-BF4B-00C04F79EFBC}") = "Bills", "Bills\Bills.csproj", "{40E9113A-CB68-441D-93CD-0DCC98D4DAD0}"
EndProject
Project("{FAE04EC0-301F-11D3-BF4B-00C04F79EFBC}") = "Paralipiped", "Paralipiped\Paralipiped.csproj", "{AF5A5656-DB03-464E-BFC9-CAE99694368A}"
EndProject
Project("{FAE04EC0-301F-11D3-BF4B-00C04F79EFBC}") = "ControlNumber", "ControlNumber\ControlNumber.csproj", "{7C654166-5320-4F86-BCB0-C5C9EDA4B815}"
EndProject
Project("{FAE04EC0-301F-11D3-BF4B-00C04F79EFBC}") = "alcoholMarket", "alcoholMarket\alcoholMarket.csproj", "{315F3073-44DE-4A91-827D-FE511FF40200}"
EndProject
Project("{FAE04EC0-301F-11D3-BF4B-00C04F79EFBC}") = "ToyShop", "ToyShop\ToyShop.csproj", "{7C88B91A-4DE7-4720-96CB-87FC0222EC68}"
EndProject
Project("{FAE04EC0-301F-11D3-BF4B-00C04F79EFBC}") = "schoolCamp", "schoolCamp\schoolCamp.csproj", "{8FCE9CF7-2DE0-4457-8988-00838D06B08D}"
EndProject
Project("{FAE04EC0-301F-11D3-BF4B-00C04F79EFBC}") = "FootballLeauge", "FootballLeauge\FootballLeauge.csproj", "{E23DD3A3-5234-41C0-877C-09EA9A60C57B}"
EndProject
Project("{FAE04EC0-301F-11D3-BF4B-00C04F79EFBC}") = "Crown", "Crown\Crown.csproj", "{0A95E728-B8A9-416A-9B35-83F14D703834}"
EndProject
Project("{FAE04EC0-301F-11D3-BF4B-00C04F79EFBC}") = "NumberGenerator", "NumberGenerator\NumberGenerator.csproj", "{D1A60741-E62F-4092-A40A-3C9AC6A554B1}"
EndProject
Project("{FAE04EC0-301F-11D3-BF4B-00C04F79EFBC}") = "StupitPasswordGenerator", "StupitPasswordGenerator\StupitPasswordGenerator.csproj", "{DBACB802-8D09-411E-9F4E-3475D1D5F71C}"
EndProject
Project("{FAE04EC0-301F-11D3-BF4B-00C04F79EFBC}") = "MoneyAward", "MoneyAward\MoneyAward.csproj", "{D444B73F-B63A-4D61-A3CD-90E5CBBBDF76}"
EndProject
Project("{FAE04EC0-301F-11D3-BF4B-00C04F79EFBC}") = "CharityCampain", "CharityCampain\CharityCampain.csproj", "{B1590EF5-9038-4049-B01F-8931AA28D41E}"
EndProject
Project("{FAE04EC0-301F-11D3-BF4B-00C04F79EFBC}") = "SwimmingRecord", "SwimmingRecord\SwimmingRecord.csproj", "{E6B4B66A-8E3D-4D1C-ACED-19E50F6F4763}"
EndProject
Project("{FAE04EC0-301F-11D3-BF4B-00C04F79EFBC}") = "Coctails", "Coctails\Coctails.csproj", "{0D0D2F43-FCF4-4A25-9CD4-E9DC083A8D6D}"
EndProject
Project("{FAE04EC0-301F-11D3-BF4B-00C04F79EFBC}") = "SumOrMultiplication", "SumOrMultiplication\SumOrMultiplication.csproj", "{92C151E3-3D94-4B10-AE8D-1ED6B3093803}"
EndProject
Project("{FAE04EC0-301F-11D3-BF4B-00C04F79EFBC}") = "MagicNumbers", "MagicNumbers\MagicNumbers.csproj", "{82AC0963-CC86-47C8-BB0B-5AEDB8A55815}"
EndProject
Project("{FAE04EC0-301F-11D3-BF4B-00C04F79EFBC}") = "SpecialNumbers", "SpecialNumbers\SpecialNumbers.csproj", "{E3AF6977-70D6-467B-A485-987CE6A886DD}"
EndProject
Project("{FAE04EC0-301F-11D3-BF4B-00C04F79EFBC}") = "STOPMain", "STOPMain\STOPMain.csproj", "{574E6899-9AEF-4E3B-94AC-5BE5177AB797}"
EndProject
Project("{FAE04EC0-301F-11D3-BF4B-00C04F79EFBC}") = "BackToThePastAgain", "BackToThePastAgain\BackToThePastAgain.csproj", "{490DF12C-4D2A-4E2B-946E-5DD56B245061}"
EndProject
Project("{FAE04EC0-301F-11D3-BF4B-00C04F79EFBC}") = "Diamond", "Diamond\Diamond.csproj", "{3761E3D8-BE45-4F18-86B5-6D616198D503}"
EndProject
Project("{FAE04EC0-301F-11D3-BF4B-00C04F79EFBC}") = "StopingNumber", "StopingNumber\StopingNumber.csproj", "{B450F577-74BD-462E-8EF3-4E380BB1E0B0}"
EndProject
Project("{FAE04EC0-301F-11D3-BF4B-00C04F79EFBC}") = "hospital", "hospital\hospital.csproj", "{C6A02CDE-583E-40BE-B8B3-D1135FAAD6AE}"
EndProject
Project("{FAE04EC0-301F-11D3-BF4B-00C04F79EFBC}") = "Digits", "Digits\Digits.csproj", "{C519E569-EB91-41D0-B987-8F554756DC8A}"
EndProject
Project("{FAE04EC0-301F-11D3-BF4B-00C04F79EFBC}") = "Battles", "Battles\Battles.csproj", "{BF2CD3D1-F19A-4F95-B1C5-7AA43CD69FB7}"
EndProject
Project("{FAE04EC0-301F-11D3-BF4B-00C04F79EFBC}") = "DatePlusFiveDays", "DatePlusFiveDays\DatePlusFiveDays.csproj", "{5176A793-9EB9-43A3-86A6-DAD2B9FF149B}"
EndProject
Project("{FAE04EC0-301F-11D3-BF4B-00C04F79EFBC}") = "AandBPoint", "AandBPoint\AandBPoint.csproj", "{FF0488C8-C626-4CD4-9694-BE5FC938CFFE}"
EndProject
Project("{FAE04EC0-301F-11D3-BF4B-00C04F79EFBC}") = "PointInFigure", "PointInFigure\PointInFigure.csproj", "{EF3D4AC5-FE8E-437F-82AD-CA7658AA5040}"
EndProject
Project("{FAE04EC0-301F-11D3-BF4B-00C04F79EFBC}") = "IncreasingElements", "IncreasingElements\IncreasingElements.csproj", "{100C02C9-D081-4964-8459-910CC317E3FC}"
EndProject
Project("{FAE04EC0-301F-11D3-BF4B-00C04F79EFBC}") = "GeneratorOfRectangles", "GeneratorOfRectangles\GeneratorOfRectangles.csproj", "{D7233CC9-FA2D-4CE0-A7D1-0F0614D16E1C}"
EndProject
Project("{FAE04EC0-301F-11D3-BF4B-00C04F79EFBC}") = "SumSeconds", "SumSeconds\SumSeconds.csproj", "{3E66FD01-8E7F-4742-8ACC-BCA6A992F02E}"
EndProject
Project("{FAE04EC0-301F-11D3-BF4B-00C04F79EFBC}") = "DiamondPerfect", "DiamondPerfect\DiamondPerfect.csproj", "{884EFC2C-E205-4D15-954C-8CD16F95C4DB}"
EndProject
Project("{FAE04EC0-301F-11D3-BF4B-00C04F79EFBC}") = "RectanglePracticleExam", "RectanglePracticleExam\RectanglePracticleExam.csproj", "{54A7AEFD-3ACD-4B50-8ADC-A7C4F4CFB6EC}"
EndProject
Project("{FAE04EC0-301F-11D3-BF4B-00C04F79EFBC}") = "RepiarTiles", "RepiarTiles\RepiarTiles.csproj", "{5119891E-AC35-43A4-99D8-B4F6C7E9CA72}"
EndProject
Project("{FAE04EC0-301F-11D3-BF4B-00C04F79EFBC}") = "StyrofoamAgain", "StyrofoamAgain\StyrofoamAgain.csproj", "{0C3B2454-5872-4E44-B195-C33F0CC3F609}"
EndProject
Project("{FAE04EC0-301F-11D3-BF4B-00C04F79EFBC}") = "BikeRiceAgain", "BikeRiceAgain\BikeRiceAgain.csproj", "{1BC294F5-3C74-4DCB-8447-14E134E5B5D3}"
EndProject
Project("{FAE04EC0-301F-11D3-BF4B-00C04F79EFBC}") = "GamesOfIntervalAgain", "GamesOfIntervalAgain\GamesOfIntervalAgain.csproj", "{907D9359-6465-42D2-B2A4-797828999978}"
EndProject
Project("{FAE04EC0-301F-11D3-BF4B-00C04F79EFBC}") = "ButterflyAgain", "ButterflyAgain\ButterflyAgain.csproj", "{9B8B733E-740B-46D4-8576-CBC251F3A976}"
EndProject
Project("{FAE04EC0-301F-11D3-BF4B-00C04F79EFBC}") = "ControlNumberAgain", "ControlNumberAgain\ControlNumberAgain.csproj", "{F156DE04-2B72-4E88-A336-248AFAB6EB16}"
EndProject
Project("{FAE04EC0-301F-11D3-BF4B-00C04F79EFBC}") = "LetterCombination", "LetterCombination\LetterCombination.csproj", "{11EFA77F-3364-4957-98B1-19CEC77480F8}"
EndProject
Project("{FAE04EC0-301F-11D3-BF4B-00C04F79EFBC}") = "PasswordGenerator", "PasswordGenerator\PasswordGenerator.csproj", "{6DF4B350-D5A6-4718-AEA4-9B15421AF285}"
EndProject
Project("{FAE04EC0-301F-11D3-BF4B-00C04F79EFBC}") = "OnTimeForExamAgain", "OnTimeForExamAgain\OnTimeForExamAgain.csproj", "{F3C6B7CE-7B31-45E6-8285-511CE3EFFA2D}"
EndProject
Global
	GlobalSection(SolutionConfigurationPlatforms) = preSolution
		Debug|Any CPU = Debug|Any CPU
		Release|Any CPU = Release|Any CPU
	EndGlobalSection
	GlobalSection(ProjectConfigurationPlatforms) = postSolution
		{55C491C8-442B-4001-89FB-8C88C4794E9C}.Debug|Any CPU.ActiveCfg = Debug|Any CPU
		{55C491C8-442B-4001-89FB-8C88C4794E9C}.Debug|Any CPU.Build.0 = Debug|Any CPU
		{55C491C8-442B-4001-89FB-8C88C4794E9C}.Release|Any CPU.ActiveCfg = Release|Any CPU
		{55C491C8-442B-4001-89FB-8C88C4794E9C}.Release|Any CPU.Build.0 = Release|Any CPU
		{914B1E34-C72F-4554-8155-5443DF99C72A}.Debug|Any CPU.ActiveCfg = Debug|Any CPU
		{914B1E34-C72F-4554-8155-5443DF99C72A}.Debug|Any CPU.Build.0 = Debug|Any CPU
		{914B1E34-C72F-4554-8155-5443DF99C72A}.Release|Any CPU.ActiveCfg = Release|Any CPU
		{914B1E34-C72F-4554-8155-5443DF99C72A}.Release|Any CPU.Build.0 = Release|Any CPU
		{5B8BA956-1F67-46A5-9977-E597737C2A0D}.Debug|Any CPU.ActiveCfg = Debug|Any CPU
		{5B8BA956-1F67-46A5-9977-E597737C2A0D}.Debug|Any CPU.Build.0 = Debug|Any CPU
		{5B8BA956-1F67-46A5-9977-E597737C2A0D}.Release|Any CPU.ActiveCfg = Release|Any CPU
		{5B8BA956-1F67-46A5-9977-E597737C2A0D}.Release|Any CPU.Build.0 = Release|Any CPU
		{34B0E777-C2FC-445D-AFA3-6B746E542304}.Debug|Any CPU.ActiveCfg = Debug|Any CPU
		{34B0E777-C2FC-445D-AFA3-6B746E542304}.Debug|Any CPU.Build.0 = Debug|Any CPU
		{34B0E777-C2FC-445D-AFA3-6B746E542304}.Release|Any CPU.ActiveCfg = Release|Any CPU
		{34B0E777-C2FC-445D-AFA3-6B746E542304}.Release|Any CPU.Build.0 = Release|Any CPU
		{FA7A95B8-AE33-42FD-9928-64B1D74A3494}.Debug|Any CPU.ActiveCfg = Debug|Any CPU
		{FA7A95B8-AE33-42FD-9928-64B1D74A3494}.Debug|Any CPU.Build.0 = Debug|Any CPU
		{FA7A95B8-AE33-42FD-9928-64B1D74A3494}.Release|Any CPU.ActiveCfg = Release|Any CPU
		{FA7A95B8-AE33-42FD-9928-64B1D74A3494}.Release|Any CPU.Build.0 = Release|Any CPU
		{CBE557C2-66BC-4AF4-B0E1-1F42C7CD9F91}.Debug|Any CPU.ActiveCfg = Debug|Any CPU
		{CBE557C2-66BC-4AF4-B0E1-1F42C7CD9F91}.Debug|Any CPU.Build.0 = Debug|Any CPU
		{CBE557C2-66BC-4AF4-B0E1-1F42C7CD9F91}.Release|Any CPU.ActiveCfg = Release|Any CPU
		{CBE557C2-66BC-4AF4-B0E1-1F42C7CD9F91}.Release|Any CPU.Build.0 = Release|Any CPU
		{059C1335-60C1-4154-ADC5-D61D86EEA566}.Debug|Any CPU.ActiveCfg = Debug|Any CPU
		{059C1335-60C1-4154-ADC5-D61D86EEA566}.Debug|Any CPU.Build.0 = Debug|Any CPU
		{059C1335-60C1-4154-ADC5-D61D86EEA566}.Release|Any CPU.ActiveCfg = Release|Any CPU
		{059C1335-60C1-4154-ADC5-D61D86EEA566}.Release|Any CPU.Build.0 = Release|Any CPU
		{27E2E46B-463F-4F4D-8DB3-DFD5CEED9F3D}.Debug|Any CPU.ActiveCfg = Debug|Any CPU
		{27E2E46B-463F-4F4D-8DB3-DFD5CEED9F3D}.Debug|Any CPU.Build.0 = Debug|Any CPU
		{27E2E46B-463F-4F4D-8DB3-DFD5CEED9F3D}.Release|Any CPU.ActiveCfg = Release|Any CPU
		{27E2E46B-463F-4F4D-8DB3-DFD5CEED9F3D}.Release|Any CPU.Build.0 = Release|Any CPU
		{674CCF91-5208-4669-A0E1-F230AFF4F893}.Debug|Any CPU.ActiveCfg = Debug|Any CPU
		{674CCF91-5208-4669-A0E1-F230AFF4F893}.Debug|Any CPU.Build.0 = Debug|Any CPU
		{674CCF91-5208-4669-A0E1-F230AFF4F893}.Release|Any CPU.ActiveCfg = Release|Any CPU
		{674CCF91-5208-4669-A0E1-F230AFF4F893}.Release|Any CPU.Build.0 = Release|Any CPU
		{E6653D90-8596-4B32-84F4-E2D761D1AAA2}.Debug|Any CPU.ActiveCfg = Debug|Any CPU
		{E6653D90-8596-4B32-84F4-E2D761D1AAA2}.Debug|Any CPU.Build.0 = Debug|Any CPU
		{E6653D90-8596-4B32-84F4-E2D761D1AAA2}.Release|Any CPU.ActiveCfg = Release|Any CPU
		{E6653D90-8596-4B32-84F4-E2D761D1AAA2}.Release|Any CPU.Build.0 = Release|Any CPU
		{AACE1EB4-1061-4BAE-8B41-AA952CB6E4A5}.Debug|Any CPU.ActiveCfg = Debug|Any CPU
		{AACE1EB4-1061-4BAE-8B41-AA952CB6E4A5}.Debug|Any CPU.Build.0 = Debug|Any CPU
		{AACE1EB4-1061-4BAE-8B41-AA952CB6E4A5}.Release|Any CPU.ActiveCfg = Release|Any CPU
		{AACE1EB4-1061-4BAE-8B41-AA952CB6E4A5}.Release|Any CPU.Build.0 = Release|Any CPU
		{B5F914D3-A665-4FA3-B85F-B39C74D2B8C8}.Debug|Any CPU.ActiveCfg = Debug|Any CPU
		{B5F914D3-A665-4FA3-B85F-B39C74D2B8C8}.Debug|Any CPU.Build.0 = Debug|Any CPU
		{B5F914D3-A665-4FA3-B85F-B39C74D2B8C8}.Release|Any CPU.ActiveCfg = Release|Any CPU
		{B5F914D3-A665-4FA3-B85F-B39C74D2B8C8}.Release|Any CPU.Build.0 = Release|Any CPU
		{F1F9E0CF-5528-459A-9967-A81E40D1B62B}.Debug|Any CPU.ActiveCfg = Debug|Any CPU
		{F1F9E0CF-5528-459A-9967-A81E40D1B62B}.Debug|Any CPU.Build.0 = Debug|Any CPU
		{F1F9E0CF-5528-459A-9967-A81E40D1B62B}.Release|Any CPU.ActiveCfg = Release|Any CPU
		{F1F9E0CF-5528-459A-9967-A81E40D1B62B}.Release|Any CPU.Build.0 = Release|Any CPU
		{7205E368-CFDC-44C3-8ABE-B44BBAA7EDE3}.Debug|Any CPU.ActiveCfg = Debug|Any CPU
		{7205E368-CFDC-44C3-8ABE-B44BBAA7EDE3}.Debug|Any CPU.Build.0 = Debug|Any CPU
		{7205E368-CFDC-44C3-8ABE-B44BBAA7EDE3}.Release|Any CPU.ActiveCfg = Release|Any CPU
		{7205E368-CFDC-44C3-8ABE-B44BBAA7EDE3}.Release|Any CPU.Build.0 = Release|Any CPU
		{4C571BF1-2F59-45E9-A9BA-E687A110C5C7}.Debug|Any CPU.ActiveCfg = Debug|Any CPU
		{4C571BF1-2F59-45E9-A9BA-E687A110C5C7}.Debug|Any CPU.Build.0 = Debug|Any CPU
		{4C571BF1-2F59-45E9-A9BA-E687A110C5C7}.Release|Any CPU.ActiveCfg = Release|Any CPU
		{4C571BF1-2F59-45E9-A9BA-E687A110C5C7}.Release|Any CPU.Build.0 = Release|Any CPU
		{36903057-7177-42A1-AD18-09F5946CD3E4}.Debug|Any CPU.ActiveCfg = Debug|Any CPU
		{36903057-7177-42A1-AD18-09F5946CD3E4}.Debug|Any CPU.Build.0 = Debug|Any CPU
		{36903057-7177-42A1-AD18-09F5946CD3E4}.Release|Any CPU.ActiveCfg = Release|Any CPU
		{36903057-7177-42A1-AD18-09F5946CD3E4}.Release|Any CPU.Build.0 = Release|Any CPU
		{32295148-FB60-49B2-80F4-9B8CEB14991B}.Debug|Any CPU.ActiveCfg = Debug|Any CPU
		{32295148-FB60-49B2-80F4-9B8CEB14991B}.Debug|Any CPU.Build.0 = Debug|Any CPU
		{32295148-FB60-49B2-80F4-9B8CEB14991B}.Release|Any CPU.ActiveCfg = Release|Any CPU
		{32295148-FB60-49B2-80F4-9B8CEB14991B}.Release|Any CPU.Build.0 = Release|Any CPU
		{5F7E4010-FD40-4D5C-914A-7C2EBEB9A1CE}.Debug|Any CPU.ActiveCfg = Debug|Any CPU
		{5F7E4010-FD40-4D5C-914A-7C2EBEB9A1CE}.Debug|Any CPU.Build.0 = Debug|Any CPU
		{5F7E4010-FD40-4D5C-914A-7C2EBEB9A1CE}.Release|Any CPU.ActiveCfg = Release|Any CPU
		{5F7E4010-FD40-4D5C-914A-7C2EBEB9A1CE}.Release|Any CPU.Build.0 = Release|Any CPU
		{24342499-034A-4736-A933-A706B347DDB2}.Debug|Any CPU.ActiveCfg = Debug|Any CPU
		{24342499-034A-4736-A933-A706B347DDB2}.Debug|Any CPU.Build.0 = Debug|Any CPU
		{24342499-034A-4736-A933-A706B347DDB2}.Release|Any CPU.ActiveCfg = Release|Any CPU
		{24342499-034A-4736-A933-A706B347DDB2}.Release|Any CPU.Build.0 = Release|Any CPU
		{DBC5B9C5-2422-483D-8537-1EF366CB7793}.Debug|Any CPU.ActiveCfg = Debug|Any CPU
		{DBC5B9C5-2422-483D-8537-1EF366CB7793}.Debug|Any CPU.Build.0 = Debug|Any CPU
		{DBC5B9C5-2422-483D-8537-1EF366CB7793}.Release|Any CPU.ActiveCfg = Release|Any CPU
		{DBC5B9C5-2422-483D-8537-1EF366CB7793}.Release|Any CPU.Build.0 = Release|Any CPU
		{325BAE2A-53ED-4868-B630-25D28F7E7E04}.Debug|Any CPU.ActiveCfg = Debug|Any CPU
		{325BAE2A-53ED-4868-B630-25D28F7E7E04}.Debug|Any CPU.Build.0 = Debug|Any CPU
		{325BAE2A-53ED-4868-B630-25D28F7E7E04}.Release|Any CPU.ActiveCfg = Release|Any CPU
		{325BAE2A-53ED-4868-B630-25D28F7E7E04}.Release|Any CPU.Build.0 = Release|Any CPU
		{C45CE93F-BE79-4996-8AE7-0CA3AE08143E}.Debug|Any CPU.ActiveCfg = Debug|Any CPU
		{C45CE93F-BE79-4996-8AE7-0CA3AE08143E}.Debug|Any CPU.Build.0 = Debug|Any CPU
		{C45CE93F-BE79-4996-8AE7-0CA3AE08143E}.Release|Any CPU.ActiveCfg = Release|Any CPU
		{C45CE93F-BE79-4996-8AE7-0CA3AE08143E}.Release|Any CPU.Build.0 = Release|Any CPU
		{77228792-BC5C-44C5-A80E-5DB1176DFA1D}.Debug|Any CPU.ActiveCfg = Debug|Any CPU
		{77228792-BC5C-44C5-A80E-5DB1176DFA1D}.Debug|Any CPU.Build.0 = Debug|Any CPU
		{77228792-BC5C-44C5-A80E-5DB1176DFA1D}.Release|Any CPU.ActiveCfg = Release|Any CPU
		{77228792-BC5C-44C5-A80E-5DB1176DFA1D}.Release|Any CPU.Build.0 = Release|Any CPU
		{D3A01A9D-18AF-4F10-8B8D-C301AFDEA343}.Debug|Any CPU.ActiveCfg = Debug|Any CPU
		{D3A01A9D-18AF-4F10-8B8D-C301AFDEA343}.Debug|Any CPU.Build.0 = Debug|Any CPU
		{D3A01A9D-18AF-4F10-8B8D-C301AFDEA343}.Release|Any CPU.ActiveCfg = Release|Any CPU
		{D3A01A9D-18AF-4F10-8B8D-C301AFDEA343}.Release|Any CPU.Build.0 = Release|Any CPU
		{81CFEECB-FA71-46AB-A57F-B5AD165BCD21}.Debug|Any CPU.ActiveCfg = Debug|Any CPU
		{81CFEECB-FA71-46AB-A57F-B5AD165BCD21}.Debug|Any CPU.Build.0 = Debug|Any CPU
		{81CFEECB-FA71-46AB-A57F-B5AD165BCD21}.Release|Any CPU.ActiveCfg = Release|Any CPU
		{81CFEECB-FA71-46AB-A57F-B5AD165BCD21}.Release|Any CPU.Build.0 = Release|Any CPU
		{9DE72C3B-56A5-484B-BC2B-9BE861BD837C}.Debug|Any CPU.ActiveCfg = Debug|Any CPU
		{9DE72C3B-56A5-484B-BC2B-9BE861BD837C}.Debug|Any CPU.Build.0 = Debug|Any CPU
		{9DE72C3B-56A5-484B-BC2B-9BE861BD837C}.Release|Any CPU.ActiveCfg = Release|Any CPU
		{9DE72C3B-56A5-484B-BC2B-9BE861BD837C}.Release|Any CPU.Build.0 = Release|Any CPU
		{CFCE90B7-C638-497C-9D7C-4BEF167166B2}.Debug|Any CPU.ActiveCfg = Debug|Any CPU
		{CFCE90B7-C638-497C-9D7C-4BEF167166B2}.Debug|Any CPU.Build.0 = Debug|Any CPU
		{CFCE90B7-C638-497C-9D7C-4BEF167166B2}.Release|Any CPU.ActiveCfg = Release|Any CPU
		{CFCE90B7-C638-497C-9D7C-4BEF167166B2}.Release|Any CPU.Build.0 = Release|Any CPU
		{7B359E01-961F-4767-B446-3F6933F2CA8A}.Debug|Any CPU.ActiveCfg = Debug|Any CPU
		{7B359E01-961F-4767-B446-3F6933F2CA8A}.Debug|Any CPU.Build.0 = Debug|Any CPU
		{7B359E01-961F-4767-B446-3F6933F2CA8A}.Release|Any CPU.ActiveCfg = Release|Any CPU
		{7B359E01-961F-4767-B446-3F6933F2CA8A}.Release|Any CPU.Build.0 = Release|Any CPU
		{14DFE5CD-AA34-424D-AFB7-1BEEF3DEF9C5}.Debug|Any CPU.ActiveCfg = Debug|Any CPU
		{14DFE5CD-AA34-424D-AFB7-1BEEF3DEF9C5}.Debug|Any CPU.Build.0 = Debug|Any CPU
		{14DFE5CD-AA34-424D-AFB7-1BEEF3DEF9C5}.Release|Any CPU.ActiveCfg = Release|Any CPU
		{14DFE5CD-AA34-424D-AFB7-1BEEF3DEF9C5}.Release|Any CPU.Build.0 = Release|Any CPU
		{58DD7333-0AAA-456F-8026-53AD82CB605F}.Debug|Any CPU.ActiveCfg = Debug|Any CPU
		{58DD7333-0AAA-456F-8026-53AD82CB605F}.Debug|Any CPU.Build.0 = Debug|Any CPU
		{58DD7333-0AAA-456F-8026-53AD82CB605F}.Release|Any CPU.ActiveCfg = Release|Any CPU
		{58DD7333-0AAA-456F-8026-53AD82CB605F}.Release|Any CPU.Build.0 = Release|Any CPU
		{44626F6B-533C-4540-8BD2-2C9848DF4412}.Debug|Any CPU.ActiveCfg = Debug|Any CPU
		{44626F6B-533C-4540-8BD2-2C9848DF4412}.Debug|Any CPU.Build.0 = Debug|Any CPU
		{44626F6B-533C-4540-8BD2-2C9848DF4412}.Release|Any CPU.ActiveCfg = Release|Any CPU
		{44626F6B-533C-4540-8BD2-2C9848DF4412}.Release|Any CPU.Build.0 = Release|Any CPU
		{85CA6370-3EF8-4267-BE91-3003D0C060E7}.Debug|Any CPU.ActiveCfg = Debug|Any CPU
		{85CA6370-3EF8-4267-BE91-3003D0C060E7}.Debug|Any CPU.Build.0 = Debug|Any CPU
		{85CA6370-3EF8-4267-BE91-3003D0C060E7}.Release|Any CPU.ActiveCfg = Release|Any CPU
		{85CA6370-3EF8-4267-BE91-3003D0C060E7}.Release|Any CPU.Build.0 = Release|Any CPU
		{3B5230BA-E000-4FD0-BA14-D5660D2BD8F7}.Debug|Any CPU.ActiveCfg = Debug|Any CPU
		{3B5230BA-E000-4FD0-BA14-D5660D2BD8F7}.Debug|Any CPU.Build.0 = Debug|Any CPU
		{3B5230BA-E000-4FD0-BA14-D5660D2BD8F7}.Release|Any CPU.ActiveCfg = Release|Any CPU
		{3B5230BA-E000-4FD0-BA14-D5660D2BD8F7}.Release|Any CPU.Build.0 = Release|Any CPU
		{52980DCA-D6B0-48CE-ABED-72042435C9E1}.Debug|Any CPU.ActiveCfg = Debug|Any CPU
		{52980DCA-D6B0-48CE-ABED-72042435C9E1}.Debug|Any CPU.Build.0 = Debug|Any CPU
		{52980DCA-D6B0-48CE-ABED-72042435C9E1}.Release|Any CPU.ActiveCfg = Release|Any CPU
		{52980DCA-D6B0-48CE-ABED-72042435C9E1}.Release|Any CPU.Build.0 = Release|Any CPU
		{551F630F-785C-4619-B058-7089B96A541C}.Debug|Any CPU.ActiveCfg = Debug|Any CPU
		{551F630F-785C-4619-B058-7089B96A541C}.Debug|Any CPU.Build.0 = Debug|Any CPU
		{551F630F-785C-4619-B058-7089B96A541C}.Release|Any CPU.ActiveCfg = Release|Any CPU
		{551F630F-785C-4619-B058-7089B96A541C}.Release|Any CPU.Build.0 = Release|Any CPU
		{03E7EFAC-9731-4610-A587-36639FA21E8D}.Debug|Any CPU.ActiveCfg = Debug|Any CPU
		{03E7EFAC-9731-4610-A587-36639FA21E8D}.Debug|Any CPU.Build.0 = Debug|Any CPU
		{03E7EFAC-9731-4610-A587-36639FA21E8D}.Release|Any CPU.ActiveCfg = Release|Any CPU
		{03E7EFAC-9731-4610-A587-36639FA21E8D}.Release|Any CPU.Build.0 = Release|Any CPU
		{A237793C-CCAF-4A9F-B95E-50BC13A44AE0}.Debug|Any CPU.ActiveCfg = Debug|Any CPU
		{A237793C-CCAF-4A9F-B95E-50BC13A44AE0}.Debug|Any CPU.Build.0 = Debug|Any CPU
		{A237793C-CCAF-4A9F-B95E-50BC13A44AE0}.Release|Any CPU.ActiveCfg = Release|Any CPU
		{A237793C-CCAF-4A9F-B95E-50BC13A44AE0}.Release|Any CPU.Build.0 = Release|Any CPU
		{554A6021-7C13-4A4A-94D0-5BCD66C1659E}.Debug|Any CPU.ActiveCfg = Debug|Any CPU
		{554A6021-7C13-4A4A-94D0-5BCD66C1659E}.Debug|Any CPU.Build.0 = Debug|Any CPU
		{554A6021-7C13-4A4A-94D0-5BCD66C1659E}.Release|Any CPU.ActiveCfg = Release|Any CPU
		{554A6021-7C13-4A4A-94D0-5BCD66C1659E}.Release|Any CPU.Build.0 = Release|Any CPU
		{7AA3E8EF-7876-49D4-BBCA-10A7127BAAF8}.Debug|Any CPU.ActiveCfg = Debug|Any CPU
		{7AA3E8EF-7876-49D4-BBCA-10A7127BAAF8}.Debug|Any CPU.Build.0 = Debug|Any CPU
		{7AA3E8EF-7876-49D4-BBCA-10A7127BAAF8}.Release|Any CPU.ActiveCfg = Release|Any CPU
		{7AA3E8EF-7876-49D4-BBCA-10A7127BAAF8}.Release|Any CPU.Build.0 = Release|Any CPU
		{FFBF9958-EFEB-4F7C-8501-589542D7162D}.Debug|Any CPU.ActiveCfg = Debug|Any CPU
		{FFBF9958-EFEB-4F7C-8501-589542D7162D}.Debug|Any CPU.Build.0 = Debug|Any CPU
		{FFBF9958-EFEB-4F7C-8501-589542D7162D}.Release|Any CPU.ActiveCfg = Release|Any CPU
		{FFBF9958-EFEB-4F7C-8501-589542D7162D}.Release|Any CPU.Build.0 = Release|Any CPU
		{2B79B815-56BB-4CFF-93BE-BF2144AEACC0}.Debug|Any CPU.ActiveCfg = Debug|Any CPU
		{2B79B815-56BB-4CFF-93BE-BF2144AEACC0}.Debug|Any CPU.Build.0 = Debug|Any CPU
		{2B79B815-56BB-4CFF-93BE-BF2144AEACC0}.Release|Any CPU.ActiveCfg = Release|Any CPU
		{2B79B815-56BB-4CFF-93BE-BF2144AEACC0}.Release|Any CPU.Build.0 = Release|Any CPU
		{BF1CD4DE-46BB-4DD4-B549-2BFC79F5A1CF}.Debug|Any CPU.ActiveCfg = Debug|Any CPU
		{BF1CD4DE-46BB-4DD4-B549-2BFC79F5A1CF}.Debug|Any CPU.Build.0 = Debug|Any CPU
		{BF1CD4DE-46BB-4DD4-B549-2BFC79F5A1CF}.Release|Any CPU.ActiveCfg = Release|Any CPU
		{BF1CD4DE-46BB-4DD4-B549-2BFC79F5A1CF}.Release|Any CPU.Build.0 = Release|Any CPU
		{49C38EAA-D637-451B-801B-AEA93870495B}.Debug|Any CPU.ActiveCfg = Debug|Any CPU
		{49C38EAA-D637-451B-801B-AEA93870495B}.Debug|Any CPU.Build.0 = Debug|Any CPU
		{49C38EAA-D637-451B-801B-AEA93870495B}.Release|Any CPU.ActiveCfg = Release|Any CPU
		{49C38EAA-D637-451B-801B-AEA93870495B}.Release|Any CPU.Build.0 = Release|Any CPU
		{46907149-721C-4FB4-8F4C-DBA377E298AA}.Debug|Any CPU.ActiveCfg = Debug|Any CPU
		{46907149-721C-4FB4-8F4C-DBA377E298AA}.Debug|Any CPU.Build.0 = Debug|Any CPU
		{46907149-721C-4FB4-8F4C-DBA377E298AA}.Release|Any CPU.ActiveCfg = Release|Any CPU
		{46907149-721C-4FB4-8F4C-DBA377E298AA}.Release|Any CPU.Build.0 = Release|Any CPU
		{A7DEE505-0832-4870-9186-C32538BDAE7D}.Debug|Any CPU.ActiveCfg = Debug|Any CPU
		{A7DEE505-0832-4870-9186-C32538BDAE7D}.Debug|Any CPU.Build.0 = Debug|Any CPU
		{A7DEE505-0832-4870-9186-C32538BDAE7D}.Release|Any CPU.ActiveCfg = Release|Any CPU
		{A7DEE505-0832-4870-9186-C32538BDAE7D}.Release|Any CPU.Build.0 = Release|Any CPU
		{3510EE25-717C-48AA-9540-F90FE0E9771F}.Debug|Any CPU.ActiveCfg = Debug|Any CPU
		{3510EE25-717C-48AA-9540-F90FE0E9771F}.Debug|Any CPU.Build.0 = Debug|Any CPU
		{3510EE25-717C-48AA-9540-F90FE0E9771F}.Release|Any CPU.ActiveCfg = Release|Any CPU
		{3510EE25-717C-48AA-9540-F90FE0E9771F}.Release|Any CPU.Build.0 = Release|Any CPU
		{C93AEB4F-7AAA-4D59-828C-06D196F47CDD}.Debug|Any CPU.ActiveCfg = Debug|Any CPU
		{C93AEB4F-7AAA-4D59-828C-06D196F47CDD}.Debug|Any CPU.Build.0 = Debug|Any CPU
		{C93AEB4F-7AAA-4D59-828C-06D196F47CDD}.Release|Any CPU.ActiveCfg = Release|Any CPU
		{C93AEB4F-7AAA-4D59-828C-06D196F47CDD}.Release|Any CPU.Build.0 = Release|Any CPU
		{7F06D43C-2C6B-4830-A5C7-F34CC13C5DE5}.Debug|Any CPU.ActiveCfg = Debug|Any CPU
		{7F06D43C-2C6B-4830-A5C7-F34CC13C5DE5}.Debug|Any CPU.Build.0 = Debug|Any CPU
		{7F06D43C-2C6B-4830-A5C7-F34CC13C5DE5}.Release|Any CPU.ActiveCfg = Release|Any CPU
		{7F06D43C-2C6B-4830-A5C7-F34CC13C5DE5}.Release|Any CPU.Build.0 = Release|Any CPU
		{52054AEC-7434-4426-91F0-AC1508DDF3AC}.Debug|Any CPU.ActiveCfg = Debug|Any CPU
		{52054AEC-7434-4426-91F0-AC1508DDF3AC}.Debug|Any CPU.Build.0 = Debug|Any CPU
		{52054AEC-7434-4426-91F0-AC1508DDF3AC}.Release|Any CPU.ActiveCfg = Release|Any CPU
		{52054AEC-7434-4426-91F0-AC1508DDF3AC}.Release|Any CPU.Build.0 = Release|Any CPU
		{9E5816C6-575D-4F96-8558-BDA5619D259F}.Debug|Any CPU.ActiveCfg = Debug|Any CPU
		{9E5816C6-575D-4F96-8558-BDA5619D259F}.Debug|Any CPU.Build.0 = Debug|Any CPU
		{9E5816C6-575D-4F96-8558-BDA5619D259F}.Release|Any CPU.ActiveCfg = Release|Any CPU
		{9E5816C6-575D-4F96-8558-BDA5619D259F}.Release|Any CPU.Build.0 = Release|Any CPU
		{F4277224-C2A2-4F2C-9A6B-8E2751D1D00B}.Debug|Any CPU.ActiveCfg = Debug|Any CPU
		{F4277224-C2A2-4F2C-9A6B-8E2751D1D00B}.Debug|Any CPU.Build.0 = Debug|Any CPU
		{F4277224-C2A2-4F2C-9A6B-8E2751D1D00B}.Release|Any CPU.ActiveCfg = Release|Any CPU
		{F4277224-C2A2-4F2C-9A6B-8E2751D1D00B}.Release|Any CPU.Build.0 = Release|Any CPU
		{350C299B-BB70-4624-9363-98D1B5FB8754}.Debug|Any CPU.ActiveCfg = Debug|Any CPU
		{350C299B-BB70-4624-9363-98D1B5FB8754}.Debug|Any CPU.Build.0 = Debug|Any CPU
		{350C299B-BB70-4624-9363-98D1B5FB8754}.Release|Any CPU.ActiveCfg = Release|Any CPU
		{350C299B-BB70-4624-9363-98D1B5FB8754}.Release|Any CPU.Build.0 = Release|Any CPU
		{42EBB6AC-E1DB-42EF-A843-F314E604C3DC}.Debug|Any CPU.ActiveCfg = Debug|Any CPU
		{42EBB6AC-E1DB-42EF-A843-F314E604C3DC}.Debug|Any CPU.Build.0 = Debug|Any CPU
		{42EBB6AC-E1DB-42EF-A843-F314E604C3DC}.Release|Any CPU.ActiveCfg = Release|Any CPU
		{42EBB6AC-E1DB-42EF-A843-F314E604C3DC}.Release|Any CPU.Build.0 = Release|Any CPU
		{772FA877-6355-4516-BF11-31220D403D63}.Debug|Any CPU.ActiveCfg = Debug|Any CPU
		{772FA877-6355-4516-BF11-31220D403D63}.Debug|Any CPU.Build.0 = Debug|Any CPU
		{772FA877-6355-4516-BF11-31220D403D63}.Release|Any CPU.ActiveCfg = Release|Any CPU
		{772FA877-6355-4516-BF11-31220D403D63}.Release|Any CPU.Build.0 = Release|Any CPU
		{05EA49CD-D666-4377-8E8B-12F0B5C33BEC}.Debug|Any CPU.ActiveCfg = Debug|Any CPU
		{05EA49CD-D666-4377-8E8B-12F0B5C33BEC}.Debug|Any CPU.Build.0 = Debug|Any CPU
		{05EA49CD-D666-4377-8E8B-12F0B5C33BEC}.Release|Any CPU.ActiveCfg = Release|Any CPU
		{05EA49CD-D666-4377-8E8B-12F0B5C33BEC}.Release|Any CPU.Build.0 = Release|Any CPU
		{5B7BEBDD-1598-4D70-920A-D76DDB3F8A7B}.Debug|Any CPU.ActiveCfg = Debug|Any CPU
		{5B7BEBDD-1598-4D70-920A-D76DDB3F8A7B}.Debug|Any CPU.Build.0 = Debug|Any CPU
		{5B7BEBDD-1598-4D70-920A-D76DDB3F8A7B}.Release|Any CPU.ActiveCfg = Release|Any CPU
		{5B7BEBDD-1598-4D70-920A-D76DDB3F8A7B}.Release|Any CPU.Build.0 = Release|Any CPU
		{4892A227-64B3-424F-98B1-FDE53DB1D6F6}.Debug|Any CPU.ActiveCfg = Debug|Any CPU
		{4892A227-64B3-424F-98B1-FDE53DB1D6F6}.Debug|Any CPU.Build.0 = Debug|Any CPU
		{4892A227-64B3-424F-98B1-FDE53DB1D6F6}.Release|Any CPU.ActiveCfg = Release|Any CPU
		{4892A227-64B3-424F-98B1-FDE53DB1D6F6}.Release|Any CPU.Build.0 = Release|Any CPU
		{DE6FAD28-2A8E-424C-AABD-16ABF7B7C31D}.Debug|Any CPU.ActiveCfg = Debug|Any CPU
		{DE6FAD28-2A8E-424C-AABD-16ABF7B7C31D}.Debug|Any CPU.Build.0 = Debug|Any CPU
		{DE6FAD28-2A8E-424C-AABD-16ABF7B7C31D}.Release|Any CPU.ActiveCfg = Release|Any CPU
		{DE6FAD28-2A8E-424C-AABD-16ABF7B7C31D}.Release|Any CPU.Build.0 = Release|Any CPU
		{CB427EE2-C74E-4D2D-8CB8-391A75AC4D71}.Debug|Any CPU.ActiveCfg = Debug|Any CPU
		{CB427EE2-C74E-4D2D-8CB8-391A75AC4D71}.Debug|Any CPU.Build.0 = Debug|Any CPU
		{CB427EE2-C74E-4D2D-8CB8-391A75AC4D71}.Release|Any CPU.ActiveCfg = Release|Any CPU
		{CB427EE2-C74E-4D2D-8CB8-391A75AC4D71}.Release|Any CPU.Build.0 = Release|Any CPU
		{A7DD96CF-5E29-45AB-A753-7E003408EDE4}.Debug|Any CPU.ActiveCfg = Debug|Any CPU
		{A7DD96CF-5E29-45AB-A753-7E003408EDE4}.Debug|Any CPU.Build.0 = Debug|Any CPU
		{A7DD96CF-5E29-45AB-A753-7E003408EDE4}.Release|Any CPU.ActiveCfg = Release|Any CPU
		{A7DD96CF-5E29-45AB-A753-7E003408EDE4}.Release|Any CPU.Build.0 = Release|Any CPU
		{015DC173-7588-4585-A5B4-B64910F15078}.Debug|Any CPU.ActiveCfg = Debug|Any CPU
		{015DC173-7588-4585-A5B4-B64910F15078}.Debug|Any CPU.Build.0 = Debug|Any CPU
		{015DC173-7588-4585-A5B4-B64910F15078}.Release|Any CPU.ActiveCfg = Release|Any CPU
		{015DC173-7588-4585-A5B4-B64910F15078}.Release|Any CPU.Build.0 = Release|Any CPU
		{07929FFC-0519-439D-89AA-B66C6FD8068E}.Debug|Any CPU.ActiveCfg = Debug|Any CPU
		{07929FFC-0519-439D-89AA-B66C6FD8068E}.Debug|Any CPU.Build.0 = Debug|Any CPU
		{07929FFC-0519-439D-89AA-B66C6FD8068E}.Release|Any CPU.ActiveCfg = Release|Any CPU
		{07929FFC-0519-439D-89AA-B66C6FD8068E}.Release|Any CPU.Build.0 = Release|Any CPU
		{0862C4FE-8CC5-40D8-B55E-CA6259195C09}.Debug|Any CPU.ActiveCfg = Debug|Any CPU
		{0862C4FE-8CC5-40D8-B55E-CA6259195C09}.Debug|Any CPU.Build.0 = Debug|Any CPU
		{0862C4FE-8CC5-40D8-B55E-CA6259195C09}.Release|Any CPU.ActiveCfg = Release|Any CPU
		{0862C4FE-8CC5-40D8-B55E-CA6259195C09}.Release|Any CPU.Build.0 = Release|Any CPU
		{7DB39FC4-569F-4AEA-AA72-6D1DD6AABA7B}.Debug|Any CPU.ActiveCfg = Debug|Any CPU
		{7DB39FC4-569F-4AEA-AA72-6D1DD6AABA7B}.Debug|Any CPU.Build.0 = Debug|Any CPU
		{7DB39FC4-569F-4AEA-AA72-6D1DD6AABA7B}.Release|Any CPU.ActiveCfg = Release|Any CPU
		{7DB39FC4-569F-4AEA-AA72-6D1DD6AABA7B}.Release|Any CPU.Build.0 = Release|Any CPU
		{17F12573-1E74-4129-84E8-0E459C96EB2D}.Debug|Any CPU.ActiveCfg = Debug|Any CPU
		{17F12573-1E74-4129-84E8-0E459C96EB2D}.Debug|Any CPU.Build.0 = Debug|Any CPU
		{17F12573-1E74-4129-84E8-0E459C96EB2D}.Release|Any CPU.ActiveCfg = Release|Any CPU
		{17F12573-1E74-4129-84E8-0E459C96EB2D}.Release|Any CPU.Build.0 = Release|Any CPU
		{CECDE6D2-FF72-41C9-973D-99772A9CDD7E}.Debug|Any CPU.ActiveCfg = Debug|Any CPU
		{CECDE6D2-FF72-41C9-973D-99772A9CDD7E}.Debug|Any CPU.Build.0 = Debug|Any CPU
		{CECDE6D2-FF72-41C9-973D-99772A9CDD7E}.Release|Any CPU.ActiveCfg = Release|Any CPU
		{CECDE6D2-FF72-41C9-973D-99772A9CDD7E}.Release|Any CPU.Build.0 = Release|Any CPU
		{53370A8A-38CD-4B6F-B027-29768E0A51B8}.Debug|Any CPU.ActiveCfg = Debug|Any CPU
		{53370A8A-38CD-4B6F-B027-29768E0A51B8}.Debug|Any CPU.Build.0 = Debug|Any CPU
		{53370A8A-38CD-4B6F-B027-29768E0A51B8}.Release|Any CPU.ActiveCfg = Release|Any CPU
		{53370A8A-38CD-4B6F-B027-29768E0A51B8}.Release|Any CPU.Build.0 = Release|Any CPU
		{D799DC33-A52D-4F87-9104-2AD3109C4EF6}.Debug|Any CPU.ActiveCfg = Debug|Any CPU
		{D799DC33-A52D-4F87-9104-2AD3109C4EF6}.Debug|Any CPU.Build.0 = Debug|Any CPU
		{D799DC33-A52D-4F87-9104-2AD3109C4EF6}.Release|Any CPU.ActiveCfg = Release|Any CPU
		{D799DC33-A52D-4F87-9104-2AD3109C4EF6}.Release|Any CPU.Build.0 = Release|Any CPU
		{BA46FFBE-D190-44BA-82F4-84E7E1366B43}.Debug|Any CPU.ActiveCfg = Debug|Any CPU
		{BA46FFBE-D190-44BA-82F4-84E7E1366B43}.Debug|Any CPU.Build.0 = Debug|Any CPU
		{BA46FFBE-D190-44BA-82F4-84E7E1366B43}.Release|Any CPU.ActiveCfg = Release|Any CPU
		{BA46FFBE-D190-44BA-82F4-84E7E1366B43}.Release|Any CPU.Build.0 = Release|Any CPU
		{F50C9697-E89B-4E72-BE78-8418AFAEBE93}.Debug|Any CPU.ActiveCfg = Debug|Any CPU
		{F50C9697-E89B-4E72-BE78-8418AFAEBE93}.Debug|Any CPU.Build.0 = Debug|Any CPU
		{F50C9697-E89B-4E72-BE78-8418AFAEBE93}.Release|Any CPU.ActiveCfg = Release|Any CPU
		{F50C9697-E89B-4E72-BE78-8418AFAEBE93}.Release|Any CPU.Build.0 = Release|Any CPU
		{40E9113A-CB68-441D-93CD-0DCC98D4DAD0}.Debug|Any CPU.ActiveCfg = Debug|Any CPU
		{40E9113A-CB68-441D-93CD-0DCC98D4DAD0}.Debug|Any CPU.Build.0 = Debug|Any CPU
		{40E9113A-CB68-441D-93CD-0DCC98D4DAD0}.Release|Any CPU.ActiveCfg = Release|Any CPU
		{40E9113A-CB68-441D-93CD-0DCC98D4DAD0}.Release|Any CPU.Build.0 = Release|Any CPU
		{AF5A5656-DB03-464E-BFC9-CAE99694368A}.Debug|Any CPU.ActiveCfg = Debug|Any CPU
		{AF5A5656-DB03-464E-BFC9-CAE99694368A}.Debug|Any CPU.Build.0 = Debug|Any CPU
		{AF5A5656-DB03-464E-BFC9-CAE99694368A}.Release|Any CPU.ActiveCfg = Release|Any CPU
		{AF5A5656-DB03-464E-BFC9-CAE99694368A}.Release|Any CPU.Build.0 = Release|Any CPU
		{7C654166-5320-4F86-BCB0-C5C9EDA4B815}.Debug|Any CPU.ActiveCfg = Debug|Any CPU
		{7C654166-5320-4F86-BCB0-C5C9EDA4B815}.Debug|Any CPU.Build.0 = Debug|Any CPU
		{7C654166-5320-4F86-BCB0-C5C9EDA4B815}.Release|Any CPU.ActiveCfg = Release|Any CPU
		{7C654166-5320-4F86-BCB0-C5C9EDA4B815}.Release|Any CPU.Build.0 = Release|Any CPU
		{315F3073-44DE-4A91-827D-FE511FF40200}.Debug|Any CPU.ActiveCfg = Debug|Any CPU
		{315F3073-44DE-4A91-827D-FE511FF40200}.Debug|Any CPU.Build.0 = Debug|Any CPU
		{315F3073-44DE-4A91-827D-FE511FF40200}.Release|Any CPU.ActiveCfg = Release|Any CPU
		{315F3073-44DE-4A91-827D-FE511FF40200}.Release|Any CPU.Build.0 = Release|Any CPU
		{7C88B91A-4DE7-4720-96CB-87FC0222EC68}.Debug|Any CPU.ActiveCfg = Debug|Any CPU
		{7C88B91A-4DE7-4720-96CB-87FC0222EC68}.Debug|Any CPU.Build.0 = Debug|Any CPU
		{7C88B91A-4DE7-4720-96CB-87FC0222EC68}.Release|Any CPU.ActiveCfg = Release|Any CPU
		{7C88B91A-4DE7-4720-96CB-87FC0222EC68}.Release|Any CPU.Build.0 = Release|Any CPU
		{8FCE9CF7-2DE0-4457-8988-00838D06B08D}.Debug|Any CPU.ActiveCfg = Debug|Any CPU
		{8FCE9CF7-2DE0-4457-8988-00838D06B08D}.Debug|Any CPU.Build.0 = Debug|Any CPU
		{8FCE9CF7-2DE0-4457-8988-00838D06B08D}.Release|Any CPU.ActiveCfg = Release|Any CPU
		{8FCE9CF7-2DE0-4457-8988-00838D06B08D}.Release|Any CPU.Build.0 = Release|Any CPU
		{E23DD3A3-5234-41C0-877C-09EA9A60C57B}.Debug|Any CPU.ActiveCfg = Debug|Any CPU
		{E23DD3A3-5234-41C0-877C-09EA9A60C57B}.Debug|Any CPU.Build.0 = Debug|Any CPU
		{E23DD3A3-5234-41C0-877C-09EA9A60C57B}.Release|Any CPU.ActiveCfg = Release|Any CPU
		{E23DD3A3-5234-41C0-877C-09EA9A60C57B}.Release|Any CPU.Build.0 = Release|Any CPU
		{0A95E728-B8A9-416A-9B35-83F14D703834}.Debug|Any CPU.ActiveCfg = Debug|Any CPU
		{0A95E728-B8A9-416A-9B35-83F14D703834}.Debug|Any CPU.Build.0 = Debug|Any CPU
		{0A95E728-B8A9-416A-9B35-83F14D703834}.Release|Any CPU.ActiveCfg = Release|Any CPU
		{0A95E728-B8A9-416A-9B35-83F14D703834}.Release|Any CPU.Build.0 = Release|Any CPU
		{D1A60741-E62F-4092-A40A-3C9AC6A554B1}.Debug|Any CPU.ActiveCfg = Debug|Any CPU
		{D1A60741-E62F-4092-A40A-3C9AC6A554B1}.Debug|Any CPU.Build.0 = Debug|Any CPU
		{D1A60741-E62F-4092-A40A-3C9AC6A554B1}.Release|Any CPU.ActiveCfg = Release|Any CPU
		{D1A60741-E62F-4092-A40A-3C9AC6A554B1}.Release|Any CPU.Build.0 = Release|Any CPU
		{DBACB802-8D09-411E-9F4E-3475D1D5F71C}.Debug|Any CPU.ActiveCfg = Debug|Any CPU
		{DBACB802-8D09-411E-9F4E-3475D1D5F71C}.Debug|Any CPU.Build.0 = Debug|Any CPU
		{DBACB802-8D09-411E-9F4E-3475D1D5F71C}.Release|Any CPU.ActiveCfg = Release|Any CPU
		{DBACB802-8D09-411E-9F4E-3475D1D5F71C}.Release|Any CPU.Build.0 = Release|Any CPU
		{D444B73F-B63A-4D61-A3CD-90E5CBBBDF76}.Debug|Any CPU.ActiveCfg = Debug|Any CPU
		{D444B73F-B63A-4D61-A3CD-90E5CBBBDF76}.Debug|Any CPU.Build.0 = Debug|Any CPU
		{D444B73F-B63A-4D61-A3CD-90E5CBBBDF76}.Release|Any CPU.ActiveCfg = Release|Any CPU
		{D444B73F-B63A-4D61-A3CD-90E5CBBBDF76}.Release|Any CPU.Build.0 = Release|Any CPU
		{B1590EF5-9038-4049-B01F-8931AA28D41E}.Debug|Any CPU.ActiveCfg = Debug|Any CPU
		{B1590EF5-9038-4049-B01F-8931AA28D41E}.Debug|Any CPU.Build.0 = Debug|Any CPU
		{B1590EF5-9038-4049-B01F-8931AA28D41E}.Release|Any CPU.ActiveCfg = Release|Any CPU
		{B1590EF5-9038-4049-B01F-8931AA28D41E}.Release|Any CPU.Build.0 = Release|Any CPU
		{E6B4B66A-8E3D-4D1C-ACED-19E50F6F4763}.Debug|Any CPU.ActiveCfg = Debug|Any CPU
		{E6B4B66A-8E3D-4D1C-ACED-19E50F6F4763}.Debug|Any CPU.Build.0 = Debug|Any CPU
		{E6B4B66A-8E3D-4D1C-ACED-19E50F6F4763}.Release|Any CPU.ActiveCfg = Release|Any CPU
		{E6B4B66A-8E3D-4D1C-ACED-19E50F6F4763}.Release|Any CPU.Build.0 = Release|Any CPU
		{0D0D2F43-FCF4-4A25-9CD4-E9DC083A8D6D}.Debug|Any CPU.ActiveCfg = Debug|Any CPU
		{0D0D2F43-FCF4-4A25-9CD4-E9DC083A8D6D}.Debug|Any CPU.Build.0 = Debug|Any CPU
		{0D0D2F43-FCF4-4A25-9CD4-E9DC083A8D6D}.Release|Any CPU.ActiveCfg = Release|Any CPU
		{0D0D2F43-FCF4-4A25-9CD4-E9DC083A8D6D}.Release|Any CPU.Build.0 = Release|Any CPU
		{92C151E3-3D94-4B10-AE8D-1ED6B3093803}.Debug|Any CPU.ActiveCfg = Debug|Any CPU
		{92C151E3-3D94-4B10-AE8D-1ED6B3093803}.Debug|Any CPU.Build.0 = Debug|Any CPU
		{92C151E3-3D94-4B10-AE8D-1ED6B3093803}.Release|Any CPU.ActiveCfg = Release|Any CPU
		{92C151E3-3D94-4B10-AE8D-1ED6B3093803}.Release|Any CPU.Build.0 = Release|Any CPU
		{82AC0963-CC86-47C8-BB0B-5AEDB8A55815}.Debug|Any CPU.ActiveCfg = Debug|Any CPU
		{82AC0963-CC86-47C8-BB0B-5AEDB8A55815}.Debug|Any CPU.Build.0 = Debug|Any CPU
		{82AC0963-CC86-47C8-BB0B-5AEDB8A55815}.Release|Any CPU.ActiveCfg = Release|Any CPU
		{82AC0963-CC86-47C8-BB0B-5AEDB8A55815}.Release|Any CPU.Build.0 = Release|Any CPU
		{E3AF6977-70D6-467B-A485-987CE6A886DD}.Debug|Any CPU.ActiveCfg = Debug|Any CPU
		{E3AF6977-70D6-467B-A485-987CE6A886DD}.Debug|Any CPU.Build.0 = Debug|Any CPU
		{E3AF6977-70D6-467B-A485-987CE6A886DD}.Release|Any CPU.ActiveCfg = Release|Any CPU
		{E3AF6977-70D6-467B-A485-987CE6A886DD}.Release|Any CPU.Build.0 = Release|Any CPU
		{574E6899-9AEF-4E3B-94AC-5BE5177AB797}.Debug|Any CPU.ActiveCfg = Debug|Any CPU
		{574E6899-9AEF-4E3B-94AC-5BE5177AB797}.Debug|Any CPU.Build.0 = Debug|Any CPU
		{574E6899-9AEF-4E3B-94AC-5BE5177AB797}.Release|Any CPU.ActiveCfg = Release|Any CPU
		{574E6899-9AEF-4E3B-94AC-5BE5177AB797}.Release|Any CPU.Build.0 = Release|Any CPU
		{490DF12C-4D2A-4E2B-946E-5DD56B245061}.Debug|Any CPU.ActiveCfg = Debug|Any CPU
		{490DF12C-4D2A-4E2B-946E-5DD56B245061}.Debug|Any CPU.Build.0 = Debug|Any CPU
		{490DF12C-4D2A-4E2B-946E-5DD56B245061}.Release|Any CPU.ActiveCfg = Release|Any CPU
		{490DF12C-4D2A-4E2B-946E-5DD56B245061}.Release|Any CPU.Build.0 = Release|Any CPU
		{3761E3D8-BE45-4F18-86B5-6D616198D503}.Debug|Any CPU.ActiveCfg = Debug|Any CPU
		{3761E3D8-BE45-4F18-86B5-6D616198D503}.Debug|Any CPU.Build.0 = Debug|Any CPU
		{3761E3D8-BE45-4F18-86B5-6D616198D503}.Release|Any CPU.ActiveCfg = Release|Any CPU
		{3761E3D8-BE45-4F18-86B5-6D616198D503}.Release|Any CPU.Build.0 = Release|Any CPU
		{B450F577-74BD-462E-8EF3-4E380BB1E0B0}.Debug|Any CPU.ActiveCfg = Debug|Any CPU
		{B450F577-74BD-462E-8EF3-4E380BB1E0B0}.Debug|Any CPU.Build.0 = Debug|Any CPU
		{B450F577-74BD-462E-8EF3-4E380BB1E0B0}.Release|Any CPU.ActiveCfg = Release|Any CPU
		{B450F577-74BD-462E-8EF3-4E380BB1E0B0}.Release|Any CPU.Build.0 = Release|Any CPU
		{C6A02CDE-583E-40BE-B8B3-D1135FAAD6AE}.Debug|Any CPU.ActiveCfg = Debug|Any CPU
		{C6A02CDE-583E-40BE-B8B3-D1135FAAD6AE}.Debug|Any CPU.Build.0 = Debug|Any CPU
		{C6A02CDE-583E-40BE-B8B3-D1135FAAD6AE}.Release|Any CPU.ActiveCfg = Release|Any CPU
		{C6A02CDE-583E-40BE-B8B3-D1135FAAD6AE}.Release|Any CPU.Build.0 = Release|Any CPU
		{C519E569-EB91-41D0-B987-8F554756DC8A}.Debug|Any CPU.ActiveCfg = Debug|Any CPU
		{C519E569-EB91-41D0-B987-8F554756DC8A}.Debug|Any CPU.Build.0 = Debug|Any CPU
		{C519E569-EB91-41D0-B987-8F554756DC8A}.Release|Any CPU.ActiveCfg = Release|Any CPU
		{C519E569-EB91-41D0-B987-8F554756DC8A}.Release|Any CPU.Build.0 = Release|Any CPU
		{BF2CD3D1-F19A-4F95-B1C5-7AA43CD69FB7}.Debug|Any CPU.ActiveCfg = Debug|Any CPU
		{BF2CD3D1-F19A-4F95-B1C5-7AA43CD69FB7}.Debug|Any CPU.Build.0 = Debug|Any CPU
		{BF2CD3D1-F19A-4F95-B1C5-7AA43CD69FB7}.Release|Any CPU.ActiveCfg = Release|Any CPU
		{BF2CD3D1-F19A-4F95-B1C5-7AA43CD69FB7}.Release|Any CPU.Build.0 = Release|Any CPU
		{5176A793-9EB9-43A3-86A6-DAD2B9FF149B}.Debug|Any CPU.ActiveCfg = Debug|Any CPU
		{5176A793-9EB9-43A3-86A6-DAD2B9FF149B}.Debug|Any CPU.Build.0 = Debug|Any CPU
		{5176A793-9EB9-43A3-86A6-DAD2B9FF149B}.Release|Any CPU.ActiveCfg = Release|Any CPU
		{5176A793-9EB9-43A3-86A6-DAD2B9FF149B}.Release|Any CPU.Build.0 = Release|Any CPU
		{FF0488C8-C626-4CD4-9694-BE5FC938CFFE}.Debug|Any CPU.ActiveCfg = Debug|Any CPU
		{FF0488C8-C626-4CD4-9694-BE5FC938CFFE}.Debug|Any CPU.Build.0 = Debug|Any CPU
		{FF0488C8-C626-4CD4-9694-BE5FC938CFFE}.Release|Any CPU.ActiveCfg = Release|Any CPU
		{FF0488C8-C626-4CD4-9694-BE5FC938CFFE}.Release|Any CPU.Build.0 = Release|Any CPU
		{EF3D4AC5-FE8E-437F-82AD-CA7658AA5040}.Debug|Any CPU.ActiveCfg = Debug|Any CPU
		{EF3D4AC5-FE8E-437F-82AD-CA7658AA5040}.Debug|Any CPU.Build.0 = Debug|Any CPU
		{EF3D4AC5-FE8E-437F-82AD-CA7658AA5040}.Release|Any CPU.ActiveCfg = Release|Any CPU
		{EF3D4AC5-FE8E-437F-82AD-CA7658AA5040}.Release|Any CPU.Build.0 = Release|Any CPU
		{100C02C9-D081-4964-8459-910CC317E3FC}.Debug|Any CPU.ActiveCfg = Debug|Any CPU
		{100C02C9-D081-4964-8459-910CC317E3FC}.Debug|Any CPU.Build.0 = Debug|Any CPU
		{100C02C9-D081-4964-8459-910CC317E3FC}.Release|Any CPU.ActiveCfg = Release|Any CPU
		{100C02C9-D081-4964-8459-910CC317E3FC}.Release|Any CPU.Build.0 = Release|Any CPU
		{D7233CC9-FA2D-4CE0-A7D1-0F0614D16E1C}.Debug|Any CPU.ActiveCfg = Debug|Any CPU
		{D7233CC9-FA2D-4CE0-A7D1-0F0614D16E1C}.Debug|Any CPU.Build.0 = Debug|Any CPU
		{D7233CC9-FA2D-4CE0-A7D1-0F0614D16E1C}.Release|Any CPU.ActiveCfg = Release|Any CPU
		{D7233CC9-FA2D-4CE0-A7D1-0F0614D16E1C}.Release|Any CPU.Build.0 = Release|Any CPU
		{3E66FD01-8E7F-4742-8ACC-BCA6A992F02E}.Debug|Any CPU.ActiveCfg = Debug|Any CPU
		{3E66FD01-8E7F-4742-8ACC-BCA6A992F02E}.Debug|Any CPU.Build.0 = Debug|Any CPU
		{3E66FD01-8E7F-4742-8ACC-BCA6A992F02E}.Release|Any CPU.ActiveCfg = Release|Any CPU
		{3E66FD01-8E7F-4742-8ACC-BCA6A992F02E}.Release|Any CPU.Build.0 = Release|Any CPU
		{884EFC2C-E205-4D15-954C-8CD16F95C4DB}.Debug|Any CPU.ActiveCfg = Debug|Any CPU
		{884EFC2C-E205-4D15-954C-8CD16F95C4DB}.Debug|Any CPU.Build.0 = Debug|Any CPU
		{884EFC2C-E205-4D15-954C-8CD16F95C4DB}.Release|Any CPU.ActiveCfg = Release|Any CPU
		{884EFC2C-E205-4D15-954C-8CD16F95C4DB}.Release|Any CPU.Build.0 = Release|Any CPU
		{54A7AEFD-3ACD-4B50-8ADC-A7C4F4CFB6EC}.Debug|Any CPU.ActiveCfg = Debug|Any CPU
		{54A7AEFD-3ACD-4B50-8ADC-A7C4F4CFB6EC}.Debug|Any CPU.Build.0 = Debug|Any CPU
		{54A7AEFD-3ACD-4B50-8ADC-A7C4F4CFB6EC}.Release|Any CPU.ActiveCfg = Release|Any CPU
		{54A7AEFD-3ACD-4B50-8ADC-A7C4F4CFB6EC}.Release|Any CPU.Build.0 = Release|Any CPU
		{5119891E-AC35-43A4-99D8-B4F6C7E9CA72}.Debug|Any CPU.ActiveCfg = Debug|Any CPU
		{5119891E-AC35-43A4-99D8-B4F6C7E9CA72}.Debug|Any CPU.Build.0 = Debug|Any CPU
		{5119891E-AC35-43A4-99D8-B4F6C7E9CA72}.Release|Any CPU.ActiveCfg = Release|Any CPU
		{5119891E-AC35-43A4-99D8-B4F6C7E9CA72}.Release|Any CPU.Build.0 = Release|Any CPU
		{0C3B2454-5872-4E44-B195-C33F0CC3F609}.Debug|Any CPU.ActiveCfg = Debug|Any CPU
		{0C3B2454-5872-4E44-B195-C33F0CC3F609}.Debug|Any CPU.Build.0 = Debug|Any CPU
		{0C3B2454-5872-4E44-B195-C33F0CC3F609}.Release|Any CPU.ActiveCfg = Release|Any CPU
		{0C3B2454-5872-4E44-B195-C33F0CC3F609}.Release|Any CPU.Build.0 = Release|Any CPU
		{1BC294F5-3C74-4DCB-8447-14E134E5B5D3}.Debug|Any CPU.ActiveCfg = Debug|Any CPU
		{1BC294F5-3C74-4DCB-8447-14E134E5B5D3}.Debug|Any CPU.Build.0 = Debug|Any CPU
		{1BC294F5-3C74-4DCB-8447-14E134E5B5D3}.Release|Any CPU.ActiveCfg = Release|Any CPU
		{1BC294F5-3C74-4DCB-8447-14E134E5B5D3}.Release|Any CPU.Build.0 = Release|Any CPU
		{907D9359-6465-42D2-B2A4-797828999978}.Debug|Any CPU.ActiveCfg = Debug|Any CPU
		{907D9359-6465-42D2-B2A4-797828999978}.Debug|Any CPU.Build.0 = Debug|Any CPU
		{907D9359-6465-42D2-B2A4-797828999978}.Release|Any CPU.ActiveCfg = Release|Any CPU
		{907D9359-6465-42D2-B2A4-797828999978}.Release|Any CPU.Build.0 = Release|Any CPU
		{9B8B733E-740B-46D4-8576-CBC251F3A976}.Debug|Any CPU.ActiveCfg = Debug|Any CPU
		{9B8B733E-740B-46D4-8576-CBC251F3A976}.Debug|Any CPU.Build.0 = Debug|Any CPU
		{9B8B733E-740B-46D4-8576-CBC251F3A976}.Release|Any CPU.ActiveCfg = Release|Any CPU
		{9B8B733E-740B-46D4-8576-CBC251F3A976}.Release|Any CPU.Build.0 = Release|Any CPU
		{F156DE04-2B72-4E88-A336-248AFAB6EB16}.Debug|Any CPU.ActiveCfg = Debug|Any CPU
		{F156DE04-2B72-4E88-A336-248AFAB6EB16}.Debug|Any CPU.Build.0 = Debug|Any CPU
		{F156DE04-2B72-4E88-A336-248AFAB6EB16}.Release|Any CPU.ActiveCfg = Release|Any CPU
		{F156DE04-2B72-4E88-A336-248AFAB6EB16}.Release|Any CPU.Build.0 = Release|Any CPU
		{11EFA77F-3364-4957-98B1-19CEC77480F8}.Debug|Any CPU.ActiveCfg = Debug|Any CPU
		{11EFA77F-3364-4957-98B1-19CEC77480F8}.Debug|Any CPU.Build.0 = Debug|Any CPU
		{11EFA77F-3364-4957-98B1-19CEC77480F8}.Release|Any CPU.ActiveCfg = Release|Any CPU
		{11EFA77F-3364-4957-98B1-19CEC77480F8}.Release|Any CPU.Build.0 = Release|Any CPU
		{6DF4B350-D5A6-4718-AEA4-9B15421AF285}.Debug|Any CPU.ActiveCfg = Debug|Any CPU
		{6DF4B350-D5A6-4718-AEA4-9B15421AF285}.Debug|Any CPU.Build.0 = Debug|Any CPU
		{6DF4B350-D5A6-4718-AEA4-9B15421AF285}.Release|Any CPU.ActiveCfg = Release|Any CPU
		{6DF4B350-D5A6-4718-AEA4-9B15421AF285}.Release|Any CPU.Build.0 = Release|Any CPU
		{F3C6B7CE-7B31-45E6-8285-511CE3EFFA2D}.Debug|Any CPU.ActiveCfg = Debug|Any CPU
		{F3C6B7CE-7B31-45E6-8285-511CE3EFFA2D}.Debug|Any CPU.Build.0 = Debug|Any CPU
		{F3C6B7CE-7B31-45E6-8285-511CE3EFFA2D}.Release|Any CPU.ActiveCfg = Release|Any CPU
		{F3C6B7CE-7B31-45E6-8285-511CE3EFFA2D}.Release|Any CPU.Build.0 = Release|Any CPU
	EndGlobalSection
	GlobalSection(SolutionProperties) = preSolution
		HideSolutionNode = FALSE
	EndGlobalSection
EndGlobal
