
Microsoft Visual Studio Solution File, Format Version 12.00
# Visual Studio 15
VisualStudioVersion = 15.0.26730.16
MinimumVisualStudioVersion = 10.0.40219.1
Project("{FAE04EC0-301F-11D3-BF4B-00C04F79EFBC}") = "Task 01. Trainers", "Task 01. Trainers\Task 01. Trainers.csproj", "{46AB9CFA-52E2-484F-80AA-C902B497FFC4}"
EndProject
Project("{FAE04EC0-301F-11D3-BF4B-00C04F79EFBC}") = "Task 02. Entertrain", "Task 02. Entertrain\Task 02. Entertrain.csproj", "{84A7A3A6-C3D2-404A-8532-98DDD4922AE1}"
EndProject
Project("{FAE04EC0-301F-11D3-BF4B-00C04F79EFBC}") = "Task 03. Trainegram", "Task 03. Trainegram\Task 03. Trainegram.csproj", "{A9854CCA-84CB-4998-9F8F-8D82B2EA269B}"
EndProject
Project("{FAE04EC0-301F-11D3-BF4B-00C04F79EFBC}") = "Task 04. Trainlands", "Task 04. Trainlands\Task 04. Trainlands.csproj", "{E9133C98-CB46-473A-A4D8-B90D6076EFDE}"
EndProject
Global
	GlobalSection(SolutionConfigurationPlatforms) = preSolution
		Debug|Any CPU = Debug|Any CPU
		Release|Any CPU = Release|Any CPU
	EndGlobalSection
	GlobalSection(ProjectConfigurationPlatforms) = postSolution
		{46AB9CFA-52E2-484F-80AA-C902B497FFC4}.Debug|Any CPU.ActiveCfg = Debug|Any CPU
		{46AB9CFA-52E2-484F-80AA-C902B497FFC4}.Debug|Any CPU.Build.0 = Debug|Any CPU
		{46AB9CFA-52E2-484F-80AA-C902B497FFC4}.Release|Any CPU.ActiveCfg = Release|Any CPU
		{46AB9CFA-52E2-484F-80AA-C902B497FFC4}.Release|Any CPU.Build.0 = Release|Any CPU
		{84A7A3A6-C3D2-404A-8532-98DDD4922AE1}.Debug|Any CPU.ActiveCfg = Debug|Any CPU
		{84A7A3A6-C3D2-404A-8532-98DDD4922AE1}.Debug|Any CPU.Build.0 = Debug|Any CPU
		{84A7A3A6-C3D2-404A-8532-98DDD4922AE1}.Release|Any CPU.ActiveCfg = Release|Any CPU
		{84A7A3A6-C3D2-404A-8532-98DDD4922AE1}.Release|Any CPU.Build.0 = Release|Any CPU
		{A9854CCA-84CB-4998-9F8F-8D82B2EA269B}.Debug|Any CPU.ActiveCfg = Debug|Any CPU
		{A9854CCA-84CB-4998-9F8F-8D82B2EA269B}.Debug|Any CPU.Build.0 = Debug|Any CPU
		{A9854CCA-84CB-4998-9F8F-8D82B2EA269B}.Release|Any CPU.ActiveCfg = Release|Any CPU
		{A9854CCA-84CB-4998-9F8F-8D82B2EA269B}.Release|Any CPU.Build.0 = Release|Any CPU
		{E9133C98-CB46-473A-A4D8-B90D6076EFDE}.Debug|Any CPU.ActiveCfg = Debug|Any CPU
		{E9133C98-CB46-473A-A4D8-B90D6076EFDE}.Debug|Any CPU.Build.0 = Debug|Any CPU
		{E9133C98-CB46-473A-A4D8-B90D6076EFDE}.Release|Any CPU.ActiveCfg = Release|Any CPU
		{E9133C98-CB46-473A-A4D8-B90D6076EFDE}.Release|Any CPU.Build.0 = Release|Any CPU
	EndGlobalSection
	GlobalSection(SolutionProperties) = preSolution
		HideSolutionNode = FALSE
	EndGlobalSection
	GlobalSection(ExtensibilityGlobals) = postSolution
		SolutionGuid = {2FD471A7-93AF-4F57-A2F2-4D63C4DFF544}
	EndGlobalSection
EndGlobal
