
Microsoft Visual Studio Solution File, Format Version 12.00
# Visual Studio 15
VisualStudioVersion = 15.0.26730.16
MinimumVisualStudioVersion = 10.0.40219.1
Project("{FAE04EC0-301F-11D3-BF4B-00C04F79EFBC}") = "Task 01 .Charity Marathon", "Task 01 .Charity Marathon\Task 01 .Charity Marathon.csproj", "{52A2783F-875A-4EDF-B99B-9A43BF68D07D}"
EndProject
Project("{FAE04EC0-301F-11D3-BF4B-00C04F79EFBC}") = "Task 02. Ladybugs", "Task 02. Ladybugs\Task 02. Ladybugs.csproj", "{D149FEBF-A458-439E-9D59-EA5182139B86}"
EndProject
Project("{FAE04EC0-301F-11D3-BF4B-00C04F79EFBC}") = "Task 03. Nether Realms", "Task 03. Nether Realms\Task 03. Nether Realms.csproj", "{F83DF8EA-ECA0-4107-813A-E8AAAAE85E53}"
EndProject
Project("{FAE04EC0-301F-11D3-BF4B-00C04F79EFBC}") = "Task 04. Roli The Coder", "Task 04. Roli The Coder\Task 04. Roli The Coder.csproj", "{E306713F-87FF-4110-9777-6B7ABB2E823F}"
EndProject
Global
	GlobalSection(SolutionConfigurationPlatforms) = preSolution
		Debug|Any CPU = Debug|Any CPU
		Release|Any CPU = Release|Any CPU
	EndGlobalSection
	GlobalSection(ProjectConfigurationPlatforms) = postSolution
		{52A2783F-875A-4EDF-B99B-9A43BF68D07D}.Debug|Any CPU.ActiveCfg = Debug|Any CPU
		{52A2783F-875A-4EDF-B99B-9A43BF68D07D}.Debug|Any CPU.Build.0 = Debug|Any CPU
		{52A2783F-875A-4EDF-B99B-9A43BF68D07D}.Release|Any CPU.ActiveCfg = Release|Any CPU
		{52A2783F-875A-4EDF-B99B-9A43BF68D07D}.Release|Any CPU.Build.0 = Release|Any CPU
		{D149FEBF-A458-439E-9D59-EA5182139B86}.Debug|Any CPU.ActiveCfg = Debug|Any CPU
		{D149FEBF-A458-439E-9D59-EA5182139B86}.Debug|Any CPU.Build.0 = Debug|Any CPU
		{D149FEBF-A458-439E-9D59-EA5182139B86}.Release|Any CPU.ActiveCfg = Release|Any CPU
		{D149FEBF-A458-439E-9D59-EA5182139B86}.Release|Any CPU.Build.0 = Release|Any CPU
		{F83DF8EA-ECA0-4107-813A-E8AAAAE85E53}.Debug|Any CPU.ActiveCfg = Debug|Any CPU
		{F83DF8EA-ECA0-4107-813A-E8AAAAE85E53}.Debug|Any CPU.Build.0 = Debug|Any CPU
		{F83DF8EA-ECA0-4107-813A-E8AAAAE85E53}.Release|Any CPU.ActiveCfg = Release|Any CPU
		{F83DF8EA-ECA0-4107-813A-E8AAAAE85E53}.Release|Any CPU.Build.0 = Release|Any CPU
		{E306713F-87FF-4110-9777-6B7ABB2E823F}.Debug|Any CPU.ActiveCfg = Debug|Any CPU
		{E306713F-87FF-4110-9777-6B7ABB2E823F}.Debug|Any CPU.Build.0 = Debug|Any CPU
		{E306713F-87FF-4110-9777-6B7ABB2E823F}.Release|Any CPU.ActiveCfg = Release|Any CPU
		{E306713F-87FF-4110-9777-6B7ABB2E823F}.Release|Any CPU.Build.0 = Release|Any CPU
	EndGlobalSection
	GlobalSection(SolutionProperties) = preSolution
		HideSolutionNode = FALSE
	EndGlobalSection
	GlobalSection(ExtensibilityGlobals) = postSolution
		SolutionGuid = {D4BDCE07-D4E2-47B6-A44F-DF7D687FCE50}
	EndGlobalSection
EndGlobal
