
Microsoft Visual Studio Solution File, Format Version 12.00
# Visual Studio 15
VisualStudioVersion = 15.0.26730.16
MinimumVisualStudioVersion = 10.0.40219.1
Project("{FAE04EC0-301F-11D3-BF4B-00C04F79EFBC}") = "Task 01. Sweet Dessert", "Task 01. Sweet Dessert\Task 01. Sweet Dessert.csproj", "{D3F52667-7CD8-42F9-BAED-A3DB8A22A71E}"
EndProject
Project("{FAE04EC0-301F-11D3-BF4B-00C04F79EFBC}") = "Task 02. Array Manipulator", "Task 02. Array Manipulator\Task 02. Array Manipulator.csproj", "{D3CA3828-42FD-45B3-B8DD-70BD0ADF1871}"
EndProject
Global
	GlobalSection(SolutionConfigurationPlatforms) = preSolution
		Debug|Any CPU = Debug|Any CPU
		Release|Any CPU = Release|Any CPU
	EndGlobalSection
	GlobalSection(ProjectConfigurationPlatforms) = postSolution
		{D3F52667-7CD8-42F9-BAED-A3DB8A22A71E}.Debug|Any CPU.ActiveCfg = Debug|Any CPU
		{D3F52667-7CD8-42F9-BAED-A3DB8A22A71E}.Debug|Any CPU.Build.0 = Debug|Any CPU
		{D3F52667-7CD8-42F9-BAED-A3DB8A22A71E}.Release|Any CPU.ActiveCfg = Release|Any CPU
		{D3F52667-7CD8-42F9-BAED-A3DB8A22A71E}.Release|Any CPU.Build.0 = Release|Any CPU
		{D3CA3828-42FD-45B3-B8DD-70BD0ADF1871}.Debug|Any CPU.ActiveCfg = Debug|Any CPU
		{D3CA3828-42FD-45B3-B8DD-70BD0ADF1871}.Debug|Any CPU.Build.0 = Debug|Any CPU
		{D3CA3828-42FD-45B3-B8DD-70BD0ADF1871}.Release|Any CPU.ActiveCfg = Release|Any CPU
		{D3CA3828-42FD-45B3-B8DD-70BD0ADF1871}.Release|Any CPU.Build.0 = Release|Any CPU
	EndGlobalSection
	GlobalSection(SolutionProperties) = preSolution
		HideSolutionNode = FALSE
	EndGlobalSection
	GlobalSection(ExtensibilityGlobals) = postSolution
		SolutionGuid = {954241A8-611C-43B9-BB64-8D17E3232C30}
	EndGlobalSection
EndGlobal
